{
  "name": "reactotron-mst",
  "version": "1.14.0",
  "lockfileVersion": 1,
  "requires": true,
  "dependencies": {
    "@types/ramda": {
      "version": "0.25.9",
      "resolved": "https://registry.npmjs.org/@types/ramda/-/ramda-0.25.9.tgz",
      "integrity": "sha512-ZThzSoZ4nzQH2y7nWTYJZaohWV938oy6ze1QcvcjC4ggDTU81llIWHtdeHHHm1pxCKOX4aYvos8u+AnY6NeGVw==",
      "dev": true
    }
  }
}
