PODS:
  - AppTurboModules (0.0.1):
    - RCT-Folly (= 2021.07.22.00)
    - RCTRequired
    - RCTTypeSafety
    - React-Codegen
    - React-Core
    - React-debug
    - React-Fabric
    - React-graphics
    - React-jsi
    - React-NativeModulesApple
    - React-RCTFabric
    - React-utils
    - ReactCommon/turbomodule/bridging
    - ReactCommon/turbomodule/core
    - Yoga
  - boost (1.76.0)
  - DoubleConversion (1.1.6)
  - FBLazyVector (0.72.11)
  - fmt (6.2.1)
  - glog (0.3.5)
  - RCT-Folly (2021.07.22.00):
    - boost
    - DoubleConversion
    - fmt (~> 6.2.1)
    - glog
    - RCT-Folly/Default (= 2021.07.22.00)
  - RCT-Folly/Default (2021.07.22.00):
    - boost
    - DoubleConversion
    - fmt (~> 6.2.1)
    - glog
  - RCT-Folly/Fabric (2021.07.22.00):
    - boost
    - DoubleConversion
    - fmt (~> 6.2.1)
    - glog
  - RCTRequired (0.72.11)
  - RCTTypeSafety (0.72.11):
    - FBLazyVector (= 0.72.11)
    - RCTRequired (= 0.72.11)
    - React-Core (= 0.72.11)
  - React (0.72.11):
    - React-Core (= 0.72.11)
    - React-Core/DevSupport (= 0.72.11)
    - React-Core/RCTWebSocket (= 0.72.11)
    - React-RCTActionSheet (= 0.72.11)
    - React-RCTAnimation (= 0.72.11)
    - React-RCTBlob (= 0.72.11)
    - React-RCTImage (= 0.72.11)
    - React-RCTLinking (= 0.72.11)
    - React-RCTNetwork (= 0.72.11)
    - React-RCTSettings (= 0.72.11)
    - React-RCTText (= 0.72.11)
    - React-RCTVibration (= 0.72.11)
  - React-callinvoker (0.72.11)
  - React-Codegen (0.72.11):
    - DoubleConversion
    - glog
    - RCT-Folly
    - RCTRequired
    - RCTTypeSafety
    - React-Core
    - React-debug
    - React-Fabric
    - React-graphics
    - React-jsc
    - React-jsi
    - React-jsiexecutor
    - React-NativeModulesApple
    - React-utils
    - ReactCommon/turbomodule/bridging
    - ReactCommon/turbomodule/core
  - React-Core (0.72.11):
    - glog
    - RCT-Folly (= 2021.07.22.00)
    - React-Core/Default (= 0.72.11)
    - React-cxxreact
    - React-jsc
    - React-jsi
    - React-jsiexecutor
    - React-perflogger
    - React-runtimeexecutor
    - React-utils
    - SocketRocket (= 0.7.0)
    - Yoga
  - React-Core/CoreModulesHeaders (0.72.11):
    - glog
    - RCT-Folly (= 2021.07.22.00)
    - React-Core/Default
    - React-cxxreact
    - React-jsc
    - React-jsi
    - React-jsiexecutor
    - React-perflogger
    - React-runtimeexecutor
    - React-utils
    - SocketRocket (= 0.7.0)
    - Yoga
  - React-Core/Default (0.72.11):
    - glog
    - RCT-Folly (= 2021.07.22.00)
    - React-cxxreact
    - React-jsc
    - React-jsi
    - React-jsiexecutor
    - React-perflogger
    - React-runtimeexecutor
    - React-utils
    - SocketRocket (= 0.7.0)
    - Yoga
  - React-Core/DevSupport (0.72.11):
    - glog
    - RCT-Folly (= 2021.07.22.00)
    - React-Core/Default (= 0.72.11)
    - React-Core/RCTWebSocket (= 0.72.11)
    - React-cxxreact
    - React-jsc
    - React-jsi
    - React-jsiexecutor
    - React-jsinspector (= 0.72.11)
    - React-perflogger
    - React-runtimeexecutor
    - React-utils
    - SocketRocket (= 0.7.0)
    - Yoga
  - React-Core/RCTActionSheetHeaders (0.72.11):
    - glog
    - RCT-Folly (= 2021.07.22.00)
    - React-Core/Default
    - React-cxxreact
    - React-jsc
    - React-jsi
    - React-jsiexecutor
    - React-perflogger
    - React-runtimeexecutor
    - React-utils
    - SocketRocket (= 0.7.0)
    - Yoga
  - React-Core/RCTAnimationHeaders (0.72.11):
    - glog
    - RCT-Folly (= 2021.07.22.00)
    - React-Core/Default
    - React-cxxreact
    - React-jsc
    - React-jsi
    - React-jsiexecutor
    - React-perflogger
    - React-runtimeexecutor
    - React-utils
    - SocketRocket (= 0.7.0)
    - Yoga
  - React-Core/RCTBlobHeaders (0.72.11):
    - glog
    - RCT-Folly (= 2021.07.22.00)
    - React-Core/Default
    - React-cxxreact
    - React-jsc
    - React-jsi
    - React-jsiexecutor
    - React-perflogger
    - React-runtimeexecutor
    - React-utils
    - SocketRocket (= 0.7.0)
    - Yoga
  - React-Core/RCTImageHeaders (0.72.11):
    - glog
    - RCT-Folly (= 2021.07.22.00)
    - React-Core/Default
    - React-cxxreact
    - React-jsc
    - React-jsi
    - React-jsiexecutor
    - React-perflogger
    - React-runtimeexecutor
    - React-utils
    - SocketRocket (= 0.7.0)
    - Yoga
  - React-Core/RCTLinkingHeaders (0.72.11):
    - glog
    - RCT-Folly (= 2021.07.22.00)
    - React-Core/Default
    - React-cxxreact
    - React-jsc
    - React-jsi
    - React-jsiexecutor
    - React-perflogger
    - React-runtimeexecutor
    - React-utils
    - SocketRocket (= 0.7.0)
    - Yoga
  - React-Core/RCTNetworkHeaders (0.72.11):
    - glog
    - RCT-Folly (= 2021.07.22.00)
    - React-Core/Default
    - React-cxxreact
    - React-jsc
    - React-jsi
    - React-jsiexecutor
    - React-perflogger
    - React-runtimeexecutor
    - React-utils
    - SocketRocket (= 0.7.0)
    - Yoga
  - React-Core/RCTSettingsHeaders (0.72.11):
    - glog
    - RCT-Folly (= 2021.07.22.00)
    - React-Core/Default
    - React-cxxreact
    - React-jsc
    - React-jsi
    - React-jsiexecutor
    - React-perflogger
    - React-runtimeexecutor
    - React-utils
    - SocketRocket (= 0.7.0)
    - Yoga
  - React-Core/RCTTextHeaders (0.72.11):
    - glog
    - RCT-Folly (= 2021.07.22.00)
    - React-Core/Default
    - React-cxxreact
    - React-jsc
    - React-jsi
    - React-jsiexecutor
    - React-perflogger
    - React-runtimeexecutor
    - React-utils
    - SocketRocket (= 0.7.0)
    - Yoga
  - React-Core/RCTVibrationHeaders (0.72.11):
    - glog
    - RCT-Folly (= 2021.07.22.00)
    - React-Core/Default
    - React-cxxreact
    - React-jsc
    - React-jsi
    - React-jsiexecutor
    - React-perflogger
    - React-runtimeexecutor
    - React-utils
    - SocketRocket (= 0.7.0)
    - Yoga
  - React-Core/RCTWebSocket (0.72.11):
    - glog
    - RCT-Folly (= 2021.07.22.00)
    - React-Core/Default (= 0.72.11)
    - React-cxxreact
    - React-jsc
    - React-jsi
    - React-jsiexecutor
    - React-perflogger
    - React-runtimeexecutor
    - React-utils
    - SocketRocket (= 0.7.0)
    - Yoga
  - React-CoreModules (0.72.11):
    - RCT-Folly (= 2021.07.22.00)
    - RCTTypeSafety (= 0.72.11)
    - React-Codegen (= 0.72.11)
    - React-Core/CoreModulesHeaders (= 0.72.11)
    - React-jsi (= 0.72.11)
    - React-RCTBlob
    - React-RCTImage (= 0.72.11)
    - ReactCommon/turbomodule/core (= 0.72.11)
    - SocketRocket (= 0.7.0)
  - React-cxxreact (0.72.11):
    - boost (= 1.76.0)
    - DoubleConversion
    - glog
    - RCT-Folly (= 2021.07.22.00)
    - React-callinvoker (= 0.72.11)
    - React-debug (= 0.72.11)
    - React-jsi (= 0.72.11)
    - React-jsinspector (= 0.72.11)
    - React-logger (= 0.72.11)
    - React-perflogger (= 0.72.11)
    - React-runtimeexecutor (= 0.72.11)
  - React-debug (0.72.11)
  - React-Fabric (0.72.11):
    - DoubleConversion
    - glog
    - RCT-Folly/Fabric (= 2021.07.22.00)
    - RCTRequired (= 0.72.11)
    - RCTTypeSafety (= 0.72.11)
    - React-Core
    - React-debug
    - React-Fabric/animations (= 0.72.11)
    - React-Fabric/attributedstring (= 0.72.11)
    - React-Fabric/butter (= 0.72.11)
    - React-Fabric/componentregistry (= 0.72.11)
    - React-Fabric/componentregistrynative (= 0.72.11)
    - React-Fabric/components (= 0.72.11)
    - React-Fabric/config (= 0.72.11)
    - React-Fabric/core (= 0.72.11)
    - React-Fabric/debug_renderer (= 0.72.11)
    - React-Fabric/imagemanager (= 0.72.11)
    - React-Fabric/leakchecker (= 0.72.11)
    - React-Fabric/mapbuffer (= 0.72.11)
    - React-Fabric/mounting (= 0.72.11)
    - React-Fabric/scheduler (= 0.72.11)
    - React-Fabric/telemetry (= 0.72.11)
    - React-Fabric/templateprocessor (= 0.72.11)
    - React-Fabric/textlayoutmanager (= 0.72.11)
    - React-Fabric/uimanager (= 0.72.11)
    - React-graphics (= 0.72.11)
    - React-jsi
    - React-jsiexecutor (= 0.72.11)
    - React-logger
    - React-runtimescheduler
    - React-utils
    - ReactCommon/turbomodule/core (= 0.72.11)
  - React-Fabric/animations (0.72.11):
    - DoubleConversion
    - glog
    - RCT-Folly/Fabric (= 2021.07.22.00)
    - RCTRequired (= 0.72.11)
    - RCTTypeSafety (= 0.72.11)
    - React-Core
    - React-debug
    - React-graphics (= 0.72.11)
    - React-jsi
    - React-jsiexecutor (= 0.72.11)
    - React-logger
    - React-runtimescheduler
    - React-utils
    - ReactCommon/turbomodule/core (= 0.72.11)
  - React-Fabric/attributedstring (0.72.11):
    - DoubleConversion
    - glog
    - RCT-Folly/Fabric (= 2021.07.22.00)
    - RCTRequired (= 0.72.11)
    - RCTTypeSafety (= 0.72.11)
    - React-Core
    - React-debug
    - React-graphics (= 0.72.11)
    - React-jsi
    - React-jsiexecutor (= 0.72.11)
    - React-logger
    - React-runtimescheduler
    - React-utils
    - ReactCommon/turbomodule/core (= 0.72.11)
  - React-Fabric/butter (0.72.11):
    - DoubleConversion
    - glog
    - RCT-Folly/Fabric (= 2021.07.22.00)
    - RCTRequired (= 0.72.11)
    - RCTTypeSafety (= 0.72.11)
    - React-Core
    - React-debug
    - React-graphics (= 0.72.11)
    - React-jsi
    - React-jsiexecutor (= 0.72.11)
    - React-logger
    - React-runtimescheduler
    - React-utils
    - ReactCommon/turbomodule/core (= 0.72.11)
  - React-Fabric/componentregistry (0.72.11):
    - DoubleConversion
    - glog
    - RCT-Folly/Fabric (= 2021.07.22.00)
    - RCTRequired (= 0.72.11)
    - RCTTypeSafety (= 0.72.11)
    - React-Core
    - React-debug
    - React-graphics (= 0.72.11)
    - React-jsi
    - React-jsiexecutor (= 0.72.11)
    - React-logger
    - React-runtimescheduler
    - React-utils
    - ReactCommon/turbomodule/core (= 0.72.11)
  - React-Fabric/componentregistrynative (0.72.11):
    - DoubleConversion
    - glog
    - RCT-Folly/Fabric (= 2021.07.22.00)
    - RCTRequired (= 0.72.11)
    - RCTTypeSafety (= 0.72.11)
    - React-Core
    - React-debug
    - React-graphics (= 0.72.11)
    - React-jsi
    - React-jsiexecutor (= 0.72.11)
    - React-logger
    - React-runtimescheduler
    - React-utils
    - ReactCommon/turbomodule/core (= 0.72.11)
  - React-Fabric/components (0.72.11):
    - DoubleConversion
    - glog
    - RCT-Folly/Fabric (= 2021.07.22.00)
    - RCTRequired (= 0.72.11)
    - RCTTypeSafety (= 0.72.11)
    - React-Core
    - React-debug
    - React-Fabric/components/activityindicator (= 0.72.11)
    - React-Fabric/components/image (= 0.72.11)
    - React-Fabric/components/inputaccessory (= 0.72.11)
    - React-Fabric/components/legacyviewmanagerinterop (= 0.72.11)
    - React-Fabric/components/modal (= 0.72.11)
    - React-Fabric/components/rncore (= 0.72.11)
    - React-Fabric/components/root (= 0.72.11)
    - React-Fabric/components/safeareaview (= 0.72.11)
    - React-Fabric/components/scrollview (= 0.72.11)
    - React-Fabric/components/text (= 0.72.11)
    - React-Fabric/components/textinput (= 0.72.11)
    - React-Fabric/components/unimplementedview (= 0.72.11)
    - React-Fabric/components/view (= 0.72.11)
    - React-graphics (= 0.72.11)
    - React-jsi
    - React-jsiexecutor (= 0.72.11)
    - React-logger
    - React-runtimescheduler
    - React-utils
    - ReactCommon/turbomodule/core (= 0.72.11)
  - React-Fabric/components/activityindicator (0.72.11):
    - DoubleConversion
    - glog
    - RCT-Folly/Fabric (= 2021.07.22.00)
    - RCTRequired (= 0.72.11)
    - RCTTypeSafety (= 0.72.11)
    - React-Core
    - React-debug
    - React-graphics (= 0.72.11)
    - React-jsi
    - React-jsiexecutor (= 0.72.11)
    - React-logger
    - React-runtimescheduler
    - React-utils
    - ReactCommon/turbomodule/core (= 0.72.11)
  - React-Fabric/components/image (0.72.11):
    - DoubleConversion
    - glog
    - RCT-Folly/Fabric (= 2021.07.22.00)
    - RCTRequired (= 0.72.11)
    - RCTTypeSafety (= 0.72.11)
    - React-Core
    - React-debug
    - React-graphics (= 0.72.11)
    - React-jsi
    - React-jsiexecutor (= 0.72.11)
    - React-logger
    - React-runtimescheduler
    - React-utils
    - ReactCommon/turbomodule/core (= 0.72.11)
  - React-Fabric/components/inputaccessory (0.72.11):
    - DoubleConversion
    - glog
    - RCT-Folly/Fabric (= 2021.07.22.00)
    - RCTRequired (= 0.72.11)
    - RCTTypeSafety (= 0.72.11)
    - React-Core
    - React-debug
    - React-graphics (= 0.72.11)
    - React-jsi
    - React-jsiexecutor (= 0.72.11)
    - React-logger
    - React-runtimescheduler
    - React-utils
    - ReactCommon/turbomodule/core (= 0.72.11)
  - React-Fabric/components/legacyviewmanagerinterop (0.72.11):
    - DoubleConversion
    - glog
    - RCT-Folly/Fabric (= 2021.07.22.00)
    - RCTRequired (= 0.72.11)
    - RCTTypeSafety (= 0.72.11)
    - React-Core
    - React-debug
    - React-graphics (= 0.72.11)
    - React-jsi
    - React-jsiexecutor (= 0.72.11)
    - React-logger
    - React-runtimescheduler
    - React-utils
    - ReactCommon/turbomodule/core (= 0.72.11)
  - React-Fabric/components/modal (0.72.11):
    - DoubleConversion
    - glog
    - RCT-Folly/Fabric (= 2021.07.22.00)
    - RCTRequired (= 0.72.11)
    - RCTTypeSafety (= 0.72.11)
    - React-Core
    - React-debug
    - React-graphics (= 0.72.11)
    - React-jsi
    - React-jsiexecutor (= 0.72.11)
    - React-logger
    - React-runtimescheduler
    - React-utils
    - ReactCommon/turbomodule/core (= 0.72.11)
  - React-Fabric/components/rncore (0.72.11):
    - DoubleConversion
    - glog
    - RCT-Folly/Fabric (= 2021.07.22.00)
    - RCTRequired (= 0.72.11)
    - RCTTypeSafety (= 0.72.11)
    - React-Core
    - React-debug
    - React-graphics (= 0.72.11)
    - React-jsi
    - React-jsiexecutor (= 0.72.11)
    - React-logger
    - React-runtimescheduler
    - React-utils
    - ReactCommon/turbomodule/core (= 0.72.11)
  - React-Fabric/components/root (0.72.11):
    - DoubleConversion
    - glog
    - RCT-Folly/Fabric (= 2021.07.22.00)
    - RCTRequired (= 0.72.11)
    - RCTTypeSafety (= 0.72.11)
    - React-Core
    - React-debug
    - React-graphics (= 0.72.11)
    - React-jsi
    - React-jsiexecutor (= 0.72.11)
    - React-logger
    - React-runtimescheduler
    - React-utils
    - ReactCommon/turbomodule/core (= 0.72.11)
  - React-Fabric/components/safeareaview (0.72.11):
    - DoubleConversion
    - glog
    - RCT-Folly/Fabric (= 2021.07.22.00)
    - RCTRequired (= 0.72.11)
    - RCTTypeSafety (= 0.72.11)
    - React-Core
    - React-debug
    - React-graphics (= 0.72.11)
    - React-jsi
    - React-jsiexecutor (= 0.72.11)
    - React-logger
    - React-runtimescheduler
    - React-utils
    - ReactCommon/turbomodule/core (= 0.72.11)
  - React-Fabric/components/scrollview (0.72.11):
    - DoubleConversion
    - glog
    - RCT-Folly/Fabric (= 2021.07.22.00)
    - RCTRequired (= 0.72.11)
    - RCTTypeSafety (= 0.72.11)
    - React-Core
    - React-debug
    - React-graphics (= 0.72.11)
    - React-jsi
    - React-jsiexecutor (= 0.72.11)
    - React-logger
    - React-runtimescheduler
    - React-utils
    - ReactCommon/turbomodule/core (= 0.72.11)
  - React-Fabric/components/text (0.72.11):
    - DoubleConversion
    - glog
    - RCT-Folly/Fabric (= 2021.07.22.00)
    - RCTRequired (= 0.72.11)
    - RCTTypeSafety (= 0.72.11)
    - React-Core
    - React-debug
    - React-graphics (= 0.72.11)
    - React-jsi
    - React-jsiexecutor (= 0.72.11)
    - React-logger
    - React-runtimescheduler
    - React-utils
    - ReactCommon/turbomodule/core (= 0.72.11)
  - React-Fabric/components/textinput (0.72.11):
    - DoubleConversion
    - glog
    - RCT-Folly/Fabric (= 2021.07.22.00)
    - RCTRequired (= 0.72.11)
    - RCTTypeSafety (= 0.72.11)
    - React-Core
    - React-debug
    - React-graphics (= 0.72.11)
    - React-jsi
    - React-jsiexecutor (= 0.72.11)
    - React-logger
    - React-runtimescheduler
    - React-utils
    - ReactCommon/turbomodule/core (= 0.72.11)
  - React-Fabric/components/unimplementedview (0.72.11):
    - DoubleConversion
    - glog
    - RCT-Folly/Fabric (= 2021.07.22.00)
    - RCTRequired (= 0.72.11)
    - RCTTypeSafety (= 0.72.11)
    - React-Core
    - React-debug
    - React-graphics (= 0.72.11)
    - React-jsi
    - React-jsiexecutor (= 0.72.11)
    - React-logger
    - React-runtimescheduler
    - React-utils
    - ReactCommon/turbomodule/core (= 0.72.11)
  - React-Fabric/components/view (0.72.11):
    - DoubleConversion
    - glog
    - RCT-Folly/Fabric (= 2021.07.22.00)
    - RCTRequired (= 0.72.11)
    - RCTTypeSafety (= 0.72.11)
    - React-Core
    - React-debug
    - React-graphics (= 0.72.11)
    - React-jsi
    - React-jsiexecutor (= 0.72.11)
    - React-logger
    - React-runtimescheduler
    - React-utils
    - ReactCommon/turbomodule/core (= 0.72.11)
    - Yoga
  - React-Fabric/config (0.72.11):
    - DoubleConversion
    - glog
    - RCT-Folly/Fabric (= 2021.07.22.00)
    - RCTRequired (= 0.72.11)
    - RCTTypeSafety (= 0.72.11)
    - React-Core
    - React-debug
    - React-graphics (= 0.72.11)
    - React-jsi
    - React-jsiexecutor (= 0.72.11)
    - React-logger
    - React-runtimescheduler
    - React-utils
    - ReactCommon/turbomodule/core (= 0.72.11)
  - React-Fabric/core (0.72.11):
    - DoubleConversion
    - glog
    - RCT-Folly/Fabric (= 2021.07.22.00)
    - RCTRequired (= 0.72.11)
    - RCTTypeSafety (= 0.72.11)
    - React-Core
    - React-debug
    - React-graphics (= 0.72.11)
    - React-jsi
    - React-jsiexecutor (= 0.72.11)
    - React-logger
    - React-runtimescheduler
    - React-utils
    - ReactCommon/turbomodule/core (= 0.72.11)
  - React-Fabric/debug_renderer (0.72.11):
    - DoubleConversion
    - glog
    - RCT-Folly/Fabric (= 2021.07.22.00)
    - RCTRequired (= 0.72.11)
    - RCTTypeSafety (= 0.72.11)
    - React-Core
    - React-debug
    - React-graphics (= 0.72.11)
    - React-jsi
    - React-jsiexecutor (= 0.72.11)
    - React-logger
    - React-runtimescheduler
    - React-utils
    - ReactCommon/turbomodule/core (= 0.72.11)
  - React-Fabric/imagemanager (0.72.11):
    - DoubleConversion
    - glog
    - RCT-Folly/Fabric (= 2021.07.22.00)
    - RCTRequired (= 0.72.11)
    - RCTTypeSafety (= 0.72.11)
    - React-Core
    - React-debug
    - React-graphics (= 0.72.11)
    - React-jsi
    - React-jsiexecutor (= 0.72.11)
    - React-logger
    - React-runtimescheduler
    - React-utils
    - ReactCommon/turbomodule/core (= 0.72.11)
  - React-Fabric/leakchecker (0.72.11):
    - DoubleConversion
    - glog
    - RCT-Folly/Fabric (= 2021.07.22.00)
    - RCTRequired (= 0.72.11)
    - RCTTypeSafety (= 0.72.11)
    - React-Core
    - React-debug
    - React-graphics (= 0.72.11)
    - React-jsi
    - React-jsiexecutor (= 0.72.11)
    - React-logger
    - React-runtimescheduler
    - React-utils
    - ReactCommon/turbomodule/core (= 0.72.11)
  - React-Fabric/mapbuffer (0.72.11):
    - DoubleConversion
    - glog
    - RCT-Folly/Fabric (= 2021.07.22.00)
    - RCTRequired (= 0.72.11)
    - RCTTypeSafety (= 0.72.11)
    - React-Core
    - React-debug
    - React-graphics (= 0.72.11)
    - React-jsi
    - React-jsiexecutor (= 0.72.11)
    - React-logger
    - React-runtimescheduler
    - React-utils
    - ReactCommon/turbomodule/core (= 0.72.11)
  - React-Fabric/mounting (0.72.11):
    - DoubleConversion
    - glog
    - RCT-Folly/Fabric (= 2021.07.22.00)
    - RCTRequired (= 0.72.11)
    - RCTTypeSafety (= 0.72.11)
    - React-Core
    - React-debug
    - React-graphics (= 0.72.11)
    - React-jsi
    - React-jsiexecutor (= 0.72.11)
    - React-logger
    - React-runtimescheduler
    - React-utils
    - ReactCommon/turbomodule/core (= 0.72.11)
  - React-Fabric/scheduler (0.72.11):
    - DoubleConversion
    - glog
    - RCT-Folly/Fabric (= 2021.07.22.00)
    - RCTRequired (= 0.72.11)
    - RCTTypeSafety (= 0.72.11)
    - React-Core
    - React-debug
    - React-graphics (= 0.72.11)
    - React-jsi
    - React-jsiexecutor (= 0.72.11)
    - React-logger
    - React-runtimescheduler
    - React-utils
    - ReactCommon/turbomodule/core (= 0.72.11)
  - React-Fabric/telemetry (0.72.11):
    - DoubleConversion
    - glog
    - RCT-Folly/Fabric (= 2021.07.22.00)
    - RCTRequired (= 0.72.11)
    - RCTTypeSafety (= 0.72.11)
    - React-Core
    - React-debug
    - React-graphics (= 0.72.11)
    - React-jsi
    - React-jsiexecutor (= 0.72.11)
    - React-logger
    - React-runtimescheduler
    - React-utils
    - ReactCommon/turbomodule/core (= 0.72.11)
  - React-Fabric/templateprocessor (0.72.11):
    - DoubleConversion
    - glog
    - RCT-Folly/Fabric (= 2021.07.22.00)
    - RCTRequired (= 0.72.11)
    - RCTTypeSafety (= 0.72.11)
    - React-Core
    - React-debug
    - React-graphics (= 0.72.11)
    - React-jsi
    - React-jsiexecutor (= 0.72.11)
    - React-logger
    - React-runtimescheduler
    - React-utils
    - ReactCommon/turbomodule/core (= 0.72.11)
  - React-Fabric/textlayoutmanager (0.72.11):
    - DoubleConversion
    - glog
    - RCT-Folly/Fabric (= 2021.07.22.00)
    - RCTRequired (= 0.72.11)
    - RCTTypeSafety (= 0.72.11)
    - React-Core
    - React-debug
    - React-Fabric/uimanager
    - React-graphics (= 0.72.11)
    - React-jsi
    - React-jsiexecutor (= 0.72.11)
    - React-logger
    - React-runtimescheduler
    - React-utils
    - ReactCommon/turbomodule/core (= 0.72.11)
  - React-Fabric/uimanager (0.72.11):
    - DoubleConversion
    - glog
    - RCT-Folly/Fabric (= 2021.07.22.00)
    - RCTRequired (= 0.72.11)
    - RCTTypeSafety (= 0.72.11)
    - React-Core
    - React-debug
    - React-graphics (= 0.72.11)
    - React-jsi
    - React-jsiexecutor (= 0.72.11)
    - React-logger
    - React-runtimescheduler
    - React-utils
    - ReactCommon/turbomodule/core (= 0.72.11)
  - React-graphics (0.72.11):
    - glog
    - RCT-Folly/Fabric (= 2021.07.22.00)
    - React-Core/Default (= 0.72.11)
  - React-ImageManager (0.72.11):
    - glog
    - RCT-Folly/Fabric
    - React-Core/Default
    - React-debug
    - React-Fabric
    - React-RCTImage
    - React-utils
  - React-jsc (0.72.11):
    - React-jsc/Fabric (= 0.72.11)
    - React-jsi (= 0.72.11)
  - React-jsc/Fabric (0.72.11):
    - React-jsi (= 0.72.11)
  - React-jsi (0.72.11):
    - boost (= 1.76.0)
    - DoubleConversion
    - glog
    - RCT-Folly (= 2021.07.22.00)
  - React-jsiexecutor (0.72.11):
    - DoubleConversion
    - glog
    - RCT-Folly (= 2021.07.22.00)
    - React-cxxreact (= 0.72.11)
    - React-jsi (= 0.72.11)
    - React-perflogger (= 0.72.11)
  - React-jsinspector (0.72.11)
  - React-logger (0.72.11):
    - glog
  - React-NativeModulesApple (0.72.11):
    - React-callinvoker
    - React-Core
    - React-cxxreact
    - React-jsi
    - React-runtimeexecutor
    - ReactCommon/turbomodule/bridging
    - ReactCommon/turbomodule/core
  - React-perflogger (0.72.11)
  - React-RCTActionSheet (0.72.11):
    - React-Core/RCTActionSheetHeaders (= 0.72.11)
  - React-RCTAnimation (0.72.11):
    - RCT-Folly (= 2021.07.22.00)
    - RCTTypeSafety (= 0.72.11)
    - React-Codegen (= 0.72.11)
    - React-Core/RCTAnimationHeaders (= 0.72.11)
    - React-jsi (= 0.72.11)
    - ReactCommon/turbomodule/core (= 0.72.11)
  - React-RCTAppDelegate (0.72.11):
    - RCT-Folly
    - RCTRequired
    - RCTTypeSafety
    - React-Core
    - React-CoreModules
    - React-debug
    - React-graphics
    - React-jsc
    - React-NativeModulesApple
    - React-RCTFabric
    - React-RCTImage
    - React-RCTNetwork
    - React-runtimescheduler
    - React-utils
    - ReactCommon/turbomodule/core
  - React-RCTBlob (0.72.11):
    - RCT-Folly (= 2021.07.22.00)
    - React-Codegen (= 0.72.11)
    - React-Core/RCTBlobHeaders (= 0.72.11)
    - React-Core/RCTWebSocket (= 0.72.11)
    - React-jsi (= 0.72.11)
    - React-RCTNetwork (= 0.72.11)
    - ReactCommon/turbomodule/core (= 0.72.11)
  - React-RCTFabric (0.72.11):
    - glog
    - RCT-Folly/Fabric (= 2021.07.22.00)
    - React-Core (= 0.72.11)
    - React-Fabric (= 0.72.11)
    - React-ImageManager
    - React-jsi
    - React-RCTImage (= 0.72.11)
    - React-RCTText
    - React-runtimescheduler
    - React-utils
    - Yoga
  - React-RCTImage (0.72.11):
    - RCT-Folly (= 2021.07.22.00)
    - RCTTypeSafety (= 0.72.11)
    - React-Codegen (= 0.72.11)
    - React-Core/RCTImageHeaders (= 0.72.11)
    - React-jsi (= 0.72.11)
    - React-RCTNetwork (= 0.72.11)
    - ReactCommon/turbomodule/core (= 0.72.11)
  - React-RCTLinking (0.72.11):
    - React-Codegen (= 0.72.11)
    - React-Core/RCTLinkingHeaders (= 0.72.11)
    - React-jsi (= 0.72.11)
    - ReactCommon/turbomodule/core (= 0.72.11)
  - React-RCTNetwork (0.72.11):
    - RCT-Folly (= 2021.07.22.00)
    - RCTTypeSafety (= 0.72.11)
    - React-Codegen (= 0.72.11)
    - React-Core/RCTNetworkHeaders (= 0.72.11)
    - React-jsi (= 0.72.11)
    - ReactCommon/turbomodule/core (= 0.72.11)
  - React-RCTSettings (0.72.11):
    - RCT-Folly (= 2021.07.22.00)
    - RCTTypeSafety (= 0.72.11)
    - React-Codegen (= 0.72.11)
    - React-Core/RCTSettingsHeaders (= 0.72.11)
    - React-jsi (= 0.72.11)
    - ReactCommon/turbomodule/core (= 0.72.11)
  - React-RCTText (0.72.11):
    - React-Core/RCTTextHeaders (= 0.72.11)
  - React-RCTVibration (0.72.11):
    - RCT-Folly (= 2021.07.22.00)
    - React-Codegen (= 0.72.11)
    - React-Core/RCTVibrationHeaders (= 0.72.11)
    - React-jsi (= 0.72.11)
    - ReactCommon/turbomodule/core (= 0.72.11)
  - React-rncore (0.72.11)
  - React-runtimeexecutor (0.72.11):
    - React-jsi (= 0.72.11)
  - React-runtimescheduler (0.72.11):
    - glog
    - RCT-Folly (= 2021.07.22.00)
    - React-callinvoker
    - React-debug
    - React-jsi
    - React-runtimeexecutor
  - React-utils (0.72.11):
    - glog
    - RCT-Folly (= 2021.07.22.00)
    - React-debug
  - ReactCommon/turbomodule/bridging (0.72.11):
    - DoubleConversion
    - glog
    - RCT-Folly (= 2021.07.22.00)
    - React-callinvoker (= 0.72.11)
    - React-cxxreact (= 0.72.11)
    - React-jsi (= 0.72.11)
    - React-logger (= 0.72.11)
    - React-perflogger (= 0.72.11)
  - ReactCommon/turbomodule/core (0.72.11):
    - DoubleConversion
    - glog
    - RCT-Folly (= 2021.07.22.00)
    - React-callinvoker (= 0.72.11)
    - React-cxxreact (= 0.72.11)
    - React-jsi (= 0.72.11)
    - React-logger (= 0.72.11)
    - React-perflogger (= 0.72.11)
  - RNSVG (14.1.0):
    - RCT-Folly (= 2021.07.22.00)
    - RCTRequired
    - RCTTypeSafety
    - React-Codegen
    - React-Core
    - React-debug
    - React-Fabric
    - React-graphics
    - React-jsi
    - React-NativeModulesApple
    - React-RCTFabric
    - React-utils
    - ReactCommon/turbomodule/bridging
    - ReactCommon/turbomodule/core
    - RNSVG/common (= 14.1.0)
    - Yoga
  - RNSVG/common (14.1.0):
    - RCT-Folly (= 2021.07.22.00)
    - RCTRequired
    - RCTTypeSafety
    - React-Codegen
    - React-Core
    - React-debug
    - React-Fabric
    - React-graphics
    - React-jsi
    - React-NativeModulesApple
    - React-RCTFabric
    - React-utils
    - ReactCommon/turbomodule/bridging
    - ReactCommon/turbomodule/core
    - Yoga
  - SocketRocket (0.7.0)
  - Yoga (1.14.0)

DEPENDENCIES:
  - AppTurboModules (from `./../tm`)
  - boost (from `../../../node_modules/react-native-macos/third-party-podspecs/boost.podspec`)
  - DoubleConversion (from `../../../node_modules/react-native-macos/third-party-podspecs/DoubleConversion.podspec`)
  - FBLazyVector (from `../../../node_modules/react-native-macos/Libraries/FBLazyVector`)
  - glog (from `../../../node_modules/react-native-macos/third-party-podspecs/glog.podspec`)
  - RCT-Folly (from `../../../node_modules/react-native-macos/third-party-podspecs/RCT-Folly.podspec`)
  - RCT-Folly/Fabric (from `../../../node_modules/react-native-macos/third-party-podspecs/RCT-Folly.podspec`)
  - RCTRequired (from `../../../node_modules/react-native-macos/Libraries/RCTRequired`)
  - RCTTypeSafety (from `../../../node_modules/react-native-macos/Libraries/TypeSafety`)
  - React (from `../../../node_modules/react-native-macos/`)
  - React-callinvoker (from `../../../node_modules/react-native-macos/ReactCommon/callinvoker`)
  - React-Codegen (from `build/generated/ios`)
  - React-Core (from `../../../node_modules/react-native-macos/`)
  - React-Core/RCTWebSocket (from `../../../node_modules/react-native-macos/`)
  - React-CoreModules (from `../../../node_modules/react-native-macos/React/CoreModules`)
  - React-cxxreact (from `../../../node_modules/react-native-macos/ReactCommon/cxxreact`)
  - React-debug (from `../../../node_modules/react-native-macos/ReactCommon/react/debug`)
  - React-Fabric (from `../../../node_modules/react-native-macos/ReactCommon`)
  - React-graphics (from `../../../node_modules/react-native-macos/ReactCommon/react/renderer/graphics`)
  - React-ImageManager (from `../../../node_modules/react-native-macos/ReactCommon/react/renderer/imagemanager/platform/ios`)
  - React-jsc (from `../../../node_modules/react-native-macos/ReactCommon/jsc`)
  - React-jsc/Fabric (from `../../../node_modules/react-native-macos/ReactCommon/jsc`)
  - React-jsi (from `../../../node_modules/react-native-macos/ReactCommon/jsi`)
  - React-jsiexecutor (from `../../../node_modules/react-native-macos/ReactCommon/jsiexecutor`)
  - React-jsinspector (from `../../../node_modules/react-native-macos/ReactCommon/jsinspector`)
  - React-logger (from `../../../node_modules/react-native-macos/ReactCommon/logger`)
  - React-NativeModulesApple (from `../../../node_modules/react-native-macos/ReactCommon/react/nativemodule/core/platform/ios`)
  - React-perflogger (from `../../../node_modules/react-native-macos/ReactCommon/reactperflogger`)
  - React-RCTActionSheet (from `../../../node_modules/react-native-macos/Libraries/ActionSheetIOS`)
  - React-RCTAnimation (from `../../../node_modules/react-native-macos/Libraries/NativeAnimation`)
  - React-RCTAppDelegate (from `../../../node_modules/react-native-macos/Libraries/AppDelegate`)
  - React-RCTBlob (from `../../../node_modules/react-native-macos/Libraries/Blob`)
  - React-RCTFabric (from `../../../node_modules/react-native-macos/React`)
  - React-RCTImage (from `../../../node_modules/react-native-macos/Libraries/Image`)
  - React-RCTLinking (from `../../../node_modules/react-native-macos/Libraries/LinkingIOS`)
  - React-RCTNetwork (from `../../../node_modules/react-native-macos/Libraries/Network`)
  - React-RCTSettings (from `../../../node_modules/react-native-macos/Libraries/Settings`)
  - React-RCTText (from `../../../node_modules/react-native-macos/Libraries/Text`)
  - React-RCTVibration (from `../../../node_modules/react-native-macos/Libraries/Vibration`)
  - React-rncore (from `../../../node_modules/react-native-macos/ReactCommon`)
  - React-runtimeexecutor (from `../../../node_modules/react-native-macos/ReactCommon/runtimeexecutor`)
  - React-runtimescheduler (from `../../../node_modules/react-native-macos/ReactCommon/react/renderer/runtimescheduler`)
  - React-utils (from `../../../node_modules/react-native-macos/ReactCommon/react/utils`)
  - ReactCommon/turbomodule/core (from `../../../node_modules/react-native-macos/ReactCommon`)
  - RNSVG (from `../../../node_modules/react-native-svg`)
  - Yoga (from `../../../node_modules/react-native-macos/ReactCommon/yoga`)

SPEC REPOS:
  trunk:
    - fmt
    - SocketRocket

EXTERNAL SOURCES:
  AppTurboModules:
    :path: "./../tm"
  boost:
    :podspec: "../../../node_modules/react-native-macos/third-party-podspecs/boost.podspec"
  DoubleConversion:
    :podspec: "../../../node_modules/react-native-macos/third-party-podspecs/DoubleConversion.podspec"
  FBLazyVector:
    :path: "../../../node_modules/react-native-macos/Libraries/FBLazyVector"
  glog:
    :podspec: "../../../node_modules/react-native-macos/third-party-podspecs/glog.podspec"
  RCT-Folly:
    :podspec: "../../../node_modules/react-native-macos/third-party-podspecs/RCT-Folly.podspec"
  RCTRequired:
    :path: "../../../node_modules/react-native-macos/Libraries/RCTRequired"
  RCTTypeSafety:
    :path: "../../../node_modules/react-native-macos/Libraries/TypeSafety"
  React:
    :path: "../../../node_modules/react-native-macos/"
  React-callinvoker:
    :path: "../../../node_modules/react-native-macos/ReactCommon/callinvoker"
  React-Codegen:
    :path: build/generated/ios
  React-Core:
    :path: "../../../node_modules/react-native-macos/"
  React-CoreModules:
    :path: "../../../node_modules/react-native-macos/React/CoreModules"
  React-cxxreact:
    :path: "../../../node_modules/react-native-macos/ReactCommon/cxxreact"
  React-debug:
    :path: "../../../node_modules/react-native-macos/ReactCommon/react/debug"
  React-Fabric:
    :path: "../../../node_modules/react-native-macos/ReactCommon"
  React-graphics:
    :path: "../../../node_modules/react-native-macos/ReactCommon/react/renderer/graphics"
  React-ImageManager:
    :path: "../../../node_modules/react-native-macos/ReactCommon/react/renderer/imagemanager/platform/ios"
  React-jsc:
    :path: "../../../node_modules/react-native-macos/ReactCommon/jsc"
  React-jsi:
    :path: "../../../node_modules/react-native-macos/ReactCommon/jsi"
  React-jsiexecutor:
    :path: "../../../node_modules/react-native-macos/ReactCommon/jsiexecutor"
  React-jsinspector:
    :path: "../../../node_modules/react-native-macos/ReactCommon/jsinspector"
  React-logger:
    :path: "../../../node_modules/react-native-macos/ReactCommon/logger"
  React-NativeModulesApple:
    :path: "../../../node_modules/react-native-macos/ReactCommon/react/nativemodule/core/platform/ios"
  React-perflogger:
    :path: "../../../node_modules/react-native-macos/ReactCommon/reactperflogger"
  React-RCTActionSheet:
    :path: "../../../node_modules/react-native-macos/Libraries/ActionSheetIOS"
  React-RCTAnimation:
    :path: "../../../node_modules/react-native-macos/Libraries/NativeAnimation"
  React-RCTAppDelegate:
    :path: "../../../node_modules/react-native-macos/Libraries/AppDelegate"
  React-RCTBlob:
    :path: "../../../node_modules/react-native-macos/Libraries/Blob"
  React-RCTFabric:
    :path: "../../../node_modules/react-native-macos/React"
  React-RCTImage:
    :path: "../../../node_modules/react-native-macos/Libraries/Image"
  React-RCTLinking:
    :path: "../../../node_modules/react-native-macos/Libraries/LinkingIOS"
  React-RCTNetwork:
    :path: "../../../node_modules/react-native-macos/Libraries/Network"
  React-RCTSettings:
    :path: "../../../node_modules/react-native-macos/Libraries/Settings"
  React-RCTText:
    :path: "../../../node_modules/react-native-macos/Libraries/Text"
  React-RCTVibration:
    :path: "../../../node_modules/react-native-macos/Libraries/Vibration"
  React-rncore:
    :path: "../../../node_modules/react-native-macos/ReactCommon"
  React-runtimeexecutor:
    :path: "../../../node_modules/react-native-macos/ReactCommon/runtimeexecutor"
  React-runtimescheduler:
    :path: "../../../node_modules/react-native-macos/ReactCommon/react/renderer/runtimescheduler"
  React-utils:
    :path: "../../../node_modules/react-native-macos/ReactCommon/react/utils"
  ReactCommon:
    :path: "../../../node_modules/react-native-macos/ReactCommon"
  RNSVG:
    :path: "../../../node_modules/react-native-svg"
  Yoga:
    :path: "../../../node_modules/react-native-macos/ReactCommon/yoga"

SPEC CHECKSUMS:
  AppTurboModules: 8f8b1a32c26220ac036061d65df5cda47678c7d1
  boost: 8fa3cd00fa17ef6c3221e5fd283fa93e81d23017
  DoubleConversion: acaf5db79676d2e9119015819153f0f99191de12
  FBLazyVector: 598c17f0890c0d90deec99cb07675c8484fee8c5
  fmt: ff9d55029c625d3757ed641535fd4a75fedc7ce9
  glog: 6df0a3d6e2750a50609471fd1a01fd2948d405b5
  RCT-Folly: bf7b4921a91932051ebf1c5c2d297154b1fa3c8c
  RCTRequired: 19f1bb16fb93691eeed6c4afbf836f422d7af704
  RCTTypeSafety: 99d5afcbcd4137ccb6cfd12b6871b81e9672b16b
  React: db6ef3de44b55c63861db3606b58a7845b23aacf
  React-callinvoker: 0c5c5415574abb04b3d3bcc63c84c2c694d8b382
  React-Codegen: 8b361a551dfddcb56c1fdd13b1b3f4b09f5d658f
  React-Core: 7a55313b3505d0686e00e869478ac95371cdfcdc
  React-CoreModules: 677e9a753a137e7926080b4aed381f4f1b3a60f4
  React-cxxreact: ee15f40a6c243c80f3f3273144731ad01d76d693
  React-debug: 7e9a0e6330f4ad437bbfdb08631472f04d601056
  React-Fabric: baa0e7175c4f042ccbdafecb064294aa3e475aa3
  React-graphics: 0fb29bf3b6da737f5409e311279e25412f9574c2
  React-ImageManager: a73622d4f936f8d6acb85a4c75c740ece780e5e9
  React-jsc: 9d0527784d0c5e604d638b5cf4eb919152101a50
  React-jsi: 40dfe421af208917163c9134bcc7811b3e11b306
  React-jsiexecutor: 5d7b602a665000e0e6757a8bc14d252a60305064
  React-jsinspector: 4a19b4579d5b5edcc53365870de965a00f1dbb98
  React-logger: 802d2ec5e2b143878f350177c6fd2683f6671c3d
  React-NativeModulesApple: d141f04cb976b7bfb453a8ee53be1840f4a321df
  React-perflogger: e0016a59208faa23e335376b15f9c1557124327f
  React-RCTActionSheet: b43205ee0de095c883eee8cee4a08bf2cfea8984
  React-RCTAnimation: df1eb4afed7e95fe042bdbd67ce0b83ebc702a19
  React-RCTAppDelegate: 5fb3920f1fe0da01beb771ae456ae460d0b8a9ea
  React-RCTBlob: 3e5166d798d6bb2e084fa6514c4c381a1cd65ce5
  React-RCTFabric: a3e77833a98224cd1243c425f263a7ab8b1584e1
  React-RCTImage: dff48b51c221e53226cd7c115fe581272e86aab9
  React-RCTLinking: eaf89c387412739a9826c6cc6b383bc803624177
  React-RCTNetwork: 56240ad5f907c03e4040fc53909ff8d8fe741ff6
  React-RCTSettings: 34498a2096e3908cd7c2fb8a2414fd71c269363d
  React-RCTText: 0660990f5993692af272ca4a9f58fb6802635526
  React-RCTVibration: 5984a48a822349815b02807253faadee3536dec7
  React-rncore: d94c2bb135b5504ca77af5792a5b0060149f22b4
  React-runtimeexecutor: 05a4a5c384512a44b8d13e6eeba86310278f4cca
  React-runtimescheduler: f86a11650be07f3d9b1feea7707c2fb080838431
  React-utils: 9dea803183d19497918b00f46429b8a209527e8a
  ReactCommon: ce035922bd18291a76c20b1153d8ae69dba8daf9
  RNSVG: e67fe75ae1557691c99f0ea314cd9f1e73de3b90
  SocketRocket: abac6f5de4d4d62d24e11868d7a2f427e0ef940d
  Yoga: ab54996d4ba34de6544536c592190f3d1fb5a608

PODFILE CHECKSUM: e7ac9ad50d84275781cb96716797052540b9d7c3

COCOAPODS: 1.12.1
