PODS:
  - AppTurboModules (0.0.1):
    - hermes-engine
    - RCT-Folly (= 2021.07.22.00)
    - RCTRequired
    - RCTTypeSafety
    - React-Codegen
    - React-Core
    - React-debug
    - React-Fabric
    - React-graphics
    - React-NativeModulesApple
    - React-RCTFabric
    - React-utils
    - ReactCommon/turbomodule/bridging
    - ReactCommon/turbomodule/core
    - Yoga
  - boost (1.76.0)
  - CocoaAsyncSocket (7.6.5)
  - DoubleConversion (1.1.6)
  - FBLazyVector (0.72.7)
  - Flipper (0.182.0):
    - Flipper-Folly (~> 2.6)
  - Flipper-Boost-iOSX (1.76.0.1.11)
  - Flipper-DoubleConversion (3.2.0.1)
  - Flipper-Fmt (7.1.7)
  - Flipper-Folly (2.6.10):
    - Flipper-Boost-iOSX
    - Flipper-DoubleConversion
    - Flipper-Fmt (= 7.1.7)
    - Flipper-Glog
    - libevent (~> 2.1.12)
    - OpenSSL-Universal (= 1.1.1100)
  - Flipper-Glog (0.5.0.5)
  - Flipper-PeerTalk (0.0.4)
  - FlipperKit (0.182.0):
    - FlipperKit/Core (= 0.182.0)
  - FlipperKit/Core (0.182.0):
    - Flipper (~> 0.182.0)
    - FlipperKit/CppBridge
    - FlipperKit/FBCxxFollyDynamicConvert
    - FlipperKit/FBDefines
    - FlipperKit/FKPortForwarding
    - SocketRocket (~> 0.6.0)
  - FlipperKit/CppBridge (0.182.0):
    - Flipper (~> 0.182.0)
  - FlipperKit/FBCxxFollyDynamicConvert (0.182.0):
    - Flipper-Folly (~> 2.6)
  - FlipperKit/FBDefines (0.182.0)
  - FlipperKit/FKPortForwarding (0.182.0):
    - CocoaAsyncSocket (~> 7.6)
    - Flipper-PeerTalk (~> 0.0.4)
  - FlipperKit/FlipperKitHighlightOverlay (0.182.0)
  - FlipperKit/FlipperKitLayoutHelpers (0.182.0):
    - FlipperKit/Core
    - FlipperKit/FlipperKitHighlightOverlay
    - FlipperKit/FlipperKitLayoutTextSearchable
  - FlipperKit/FlipperKitLayoutIOSDescriptors (0.182.0):
    - FlipperKit/Core
    - FlipperKit/FlipperKitHighlightOverlay
    - FlipperKit/FlipperKitLayoutHelpers
    - YogaKit (~> 1.18)
  - FlipperKit/FlipperKitLayoutPlugin (0.182.0):
    - FlipperKit/Core
    - FlipperKit/FlipperKitHighlightOverlay
    - FlipperKit/FlipperKitLayoutHelpers
    - FlipperKit/FlipperKitLayoutIOSDescriptors
    - FlipperKit/FlipperKitLayoutTextSearchable
    - YogaKit (~> 1.18)
  - FlipperKit/FlipperKitLayoutTextSearchable (0.182.0)
  - FlipperKit/FlipperKitNetworkPlugin (0.182.0):
    - FlipperKit/Core
  - FlipperKit/FlipperKitReactPlugin (0.182.0):
    - FlipperKit/Core
  - FlipperKit/FlipperKitUserDefaultsPlugin (0.182.0):
    - FlipperKit/Core
  - FlipperKit/SKIOSNetworkPlugin (0.182.0):
    - FlipperKit/Core
    - FlipperKit/FlipperKitNetworkPlugin
  - fmt (6.2.1)
  - glog (0.3.5)
  - hermes-engine (0.72.7):
    - hermes-engine/Pre-built (= 0.72.7)
  - hermes-engine/Pre-built (0.72.7)
  - libevent (2.1.12)
  - OpenSSL-Universal (1.1.1100)
  - RCT-Folly (2021.07.22.00):
    - boost
    - DoubleConversion
    - fmt (~> 6.2.1)
    - glog
    - RCT-Folly/Default (= 2021.07.22.00)
  - RCT-Folly/Default (2021.07.22.00):
    - boost
    - DoubleConversion
    - fmt (~> 6.2.1)
    - glog
  - RCT-Folly/Fabric (2021.07.22.00):
    - boost
    - DoubleConversion
    - fmt (~> 6.2.1)
    - glog
  - RCT-Folly/Futures (2021.07.22.00):
    - boost
    - DoubleConversion
    - fmt (~> 6.2.1)
    - glog
    - libevent
  - RCTRequired (0.72.7)
  - RCTTypeSafety (0.72.7):
    - FBLazyVector (= 0.72.7)
    - RCTRequired (= 0.72.7)
    - React-Core (= 0.72.7)
  - React (0.72.7):
    - React-Core (= 0.72.7)
    - React-Core/DevSupport (= 0.72.7)
    - React-Core/RCTWebSocket (= 0.72.7)
    - React-RCTActionSheet (= 0.72.7)
    - React-RCTAnimation (= 0.72.7)
    - React-RCTBlob (= 0.72.7)
    - React-RCTImage (= 0.72.7)
    - React-RCTLinking (= 0.72.7)
    - React-RCTNetwork (= 0.72.7)
    - React-RCTSettings (= 0.72.7)
    - React-RCTText (= 0.72.7)
    - React-RCTVibration (= 0.72.7)
  - React-callinvoker (0.72.7)
  - React-Codegen (0.72.7):
    - DoubleConversion
    - glog
    - hermes-engine
    - RCT-Folly
    - RCTRequired
    - RCTTypeSafety
    - React-Core
    - React-debug
    - React-Fabric
    - React-graphics
    - React-jsi
    - React-jsiexecutor
    - React-NativeModulesApple
    - React-utils
    - ReactCommon/turbomodule/bridging
    - ReactCommon/turbomodule/core
  - React-Core (0.72.7):
    - glog
    - hermes-engine
    - RCT-Folly (= 2021.07.22.00)
    - React-Core/Default (= 0.72.7)
    - React-cxxreact
    - React-hermes
    - React-jsi
    - React-jsiexecutor
    - React-perflogger
    - React-runtimeexecutor
    - React-utils
    - SocketRocket (= 0.6.1)
    - Yoga
  - React-Core/CoreModulesHeaders (0.72.7):
    - glog
    - hermes-engine
    - RCT-Folly (= 2021.07.22.00)
    - React-Core/Default
    - React-cxxreact
    - React-hermes
    - React-jsi
    - React-jsiexecutor
    - React-perflogger
    - React-runtimeexecutor
    - React-utils
    - SocketRocket (= 0.6.1)
    - Yoga
  - React-Core/Default (0.72.7):
    - glog
    - hermes-engine
    - RCT-Folly (= 2021.07.22.00)
    - React-cxxreact
    - React-hermes
    - React-jsi
    - React-jsiexecutor
    - React-perflogger
    - React-runtimeexecutor
    - React-utils
    - SocketRocket (= 0.6.1)
    - Yoga
  - React-Core/DevSupport (0.72.7):
    - glog
    - hermes-engine
    - RCT-Folly (= 2021.07.22.00)
    - React-Core/Default (= 0.72.7)
    - React-Core/RCTWebSocket (= 0.72.7)
    - React-cxxreact
    - React-hermes
    - React-jsi
    - React-jsiexecutor
    - React-jsinspector (= 0.72.7)
    - React-perflogger
    - React-runtimeexecutor
    - React-utils
    - SocketRocket (= 0.6.1)
    - Yoga
  - React-Core/RCTActionSheetHeaders (0.72.7):
    - glog
    - hermes-engine
    - RCT-Folly (= 2021.07.22.00)
    - React-Core/Default
    - React-cxxreact
    - React-hermes
    - React-jsi
    - React-jsiexecutor
    - React-perflogger
    - React-runtimeexecutor
    - React-utils
    - SocketRocket (= 0.6.1)
    - Yoga
  - React-Core/RCTAnimationHeaders (0.72.7):
    - glog
    - hermes-engine
    - RCT-Folly (= 2021.07.22.00)
    - React-Core/Default
    - React-cxxreact
    - React-hermes
    - React-jsi
    - React-jsiexecutor
    - React-perflogger
    - React-runtimeexecutor
    - React-utils
    - SocketRocket (= 0.6.1)
    - Yoga
  - React-Core/RCTBlobHeaders (0.72.7):
    - glog
    - hermes-engine
    - RCT-Folly (= 2021.07.22.00)
    - React-Core/Default
    - React-cxxreact
    - React-hermes
    - React-jsi
    - React-jsiexecutor
    - React-perflogger
    - React-runtimeexecutor
    - React-utils
    - SocketRocket (= 0.6.1)
    - Yoga
  - React-Core/RCTImageHeaders (0.72.7):
    - glog
    - hermes-engine
    - RCT-Folly (= 2021.07.22.00)
    - React-Core/Default
    - React-cxxreact
    - React-hermes
    - React-jsi
    - React-jsiexecutor
    - React-perflogger
    - React-runtimeexecutor
    - React-utils
    - SocketRocket (= 0.6.1)
    - Yoga
  - React-Core/RCTLinkingHeaders (0.72.7):
    - glog
    - hermes-engine
    - RCT-Folly (= 2021.07.22.00)
    - React-Core/Default
    - React-cxxreact
    - React-hermes
    - React-jsi
    - React-jsiexecutor
    - React-perflogger
    - React-runtimeexecutor
    - React-utils
    - SocketRocket (= 0.6.1)
    - Yoga
  - React-Core/RCTNetworkHeaders (0.72.7):
    - glog
    - hermes-engine
    - RCT-Folly (= 2021.07.22.00)
    - React-Core/Default
    - React-cxxreact
    - React-hermes
    - React-jsi
    - React-jsiexecutor
    - React-perflogger
    - React-runtimeexecutor
    - React-utils
    - SocketRocket (= 0.6.1)
    - Yoga
  - React-Core/RCTSettingsHeaders (0.72.7):
    - glog
    - hermes-engine
    - RCT-Folly (= 2021.07.22.00)
    - React-Core/Default
    - React-cxxreact
    - React-hermes
    - React-jsi
    - React-jsiexecutor
    - React-perflogger
    - React-runtimeexecutor
    - React-utils
    - SocketRocket (= 0.6.1)
    - Yoga
  - React-Core/RCTTextHeaders (0.72.7):
    - glog
    - hermes-engine
    - RCT-Folly (= 2021.07.22.00)
    - React-Core/Default
    - React-cxxreact
    - React-hermes
    - React-jsi
    - React-jsiexecutor
    - React-perflogger
    - React-runtimeexecutor
    - React-utils
    - SocketRocket (= 0.6.1)
    - Yoga
  - React-Core/RCTVibrationHeaders (0.72.7):
    - glog
    - hermes-engine
    - RCT-Folly (= 2021.07.22.00)
    - React-Core/Default
    - React-cxxreact
    - React-hermes
    - React-jsi
    - React-jsiexecutor
    - React-perflogger
    - React-runtimeexecutor
    - React-utils
    - SocketRocket (= 0.6.1)
    - Yoga
  - React-Core/RCTWebSocket (0.72.7):
    - glog
    - hermes-engine
    - RCT-Folly (= 2021.07.22.00)
    - React-Core/Default (= 0.72.7)
    - React-cxxreact
    - React-hermes
    - React-jsi
    - React-jsiexecutor
    - React-perflogger
    - React-runtimeexecutor
    - React-utils
    - SocketRocket (= 0.6.1)
    - Yoga
  - React-CoreModules (0.72.7):
    - RCT-Folly (= 2021.07.22.00)
    - RCTTypeSafety (= 0.72.7)
    - React-Codegen (= 0.72.7)
    - React-Core/CoreModulesHeaders (= 0.72.7)
    - React-jsi (= 0.72.7)
    - React-RCTBlob
    - React-RCTImage (= 0.72.7)
    - ReactCommon/turbomodule/core (= 0.72.7)
    - SocketRocket (= 0.6.1)
  - React-cxxreact (0.72.7):
    - boost (= 1.76.0)
    - DoubleConversion
    - glog
    - hermes-engine
    - RCT-Folly (= 2021.07.22.00)
    - React-callinvoker (= 0.72.7)
    - React-debug (= 0.72.7)
    - React-jsi (= 0.72.7)
    - React-jsinspector (= 0.72.7)
    - React-logger (= 0.72.7)
    - React-perflogger (= 0.72.7)
    - React-runtimeexecutor (= 0.72.7)
  - React-debug (0.72.7)
  - React-Fabric (0.72.7):
    - DoubleConversion
    - glog
    - hermes-engine
    - RCT-Folly/Fabric (= 2021.07.22.00)
    - RCTRequired (= 0.72.7)
    - RCTTypeSafety (= 0.72.7)
    - React-Core
    - React-debug
    - React-Fabric/animations (= 0.72.7)
    - React-Fabric/attributedstring (= 0.72.7)
    - React-Fabric/butter (= 0.72.7)
    - React-Fabric/componentregistry (= 0.72.7)
    - React-Fabric/componentregistrynative (= 0.72.7)
    - React-Fabric/components (= 0.72.7)
    - React-Fabric/config (= 0.72.7)
    - React-Fabric/core (= 0.72.7)
    - React-Fabric/debug_renderer (= 0.72.7)
    - React-Fabric/imagemanager (= 0.72.7)
    - React-Fabric/leakchecker (= 0.72.7)
    - React-Fabric/mapbuffer (= 0.72.7)
    - React-Fabric/mounting (= 0.72.7)
    - React-Fabric/scheduler (= 0.72.7)
    - React-Fabric/telemetry (= 0.72.7)
    - React-Fabric/templateprocessor (= 0.72.7)
    - React-Fabric/textlayoutmanager (= 0.72.7)
    - React-Fabric/uimanager (= 0.72.7)
    - React-graphics (= 0.72.7)
    - React-jsi (= 0.72.7)
    - React-jsiexecutor (= 0.72.7)
    - React-logger
    - React-runtimescheduler
    - React-utils
    - ReactCommon/turbomodule/core (= 0.72.7)
  - React-Fabric/animations (0.72.7):
    - DoubleConversion
    - glog
    - hermes-engine
    - RCT-Folly/Fabric (= 2021.07.22.00)
    - RCTRequired (= 0.72.7)
    - RCTTypeSafety (= 0.72.7)
    - React-Core
    - React-debug
    - React-graphics (= 0.72.7)
    - React-jsi (= 0.72.7)
    - React-jsiexecutor (= 0.72.7)
    - React-logger
    - React-runtimescheduler
    - React-utils
    - ReactCommon/turbomodule/core (= 0.72.7)
  - React-Fabric/attributedstring (0.72.7):
    - DoubleConversion
    - glog
    - hermes-engine
    - RCT-Folly/Fabric (= 2021.07.22.00)
    - RCTRequired (= 0.72.7)
    - RCTTypeSafety (= 0.72.7)
    - React-Core
    - React-debug
    - React-graphics (= 0.72.7)
    - React-jsi (= 0.72.7)
    - React-jsiexecutor (= 0.72.7)
    - React-logger
    - React-runtimescheduler
    - React-utils
    - ReactCommon/turbomodule/core (= 0.72.7)
  - React-Fabric/butter (0.72.7):
    - DoubleConversion
    - glog
    - hermes-engine
    - RCT-Folly/Fabric (= 2021.07.22.00)
    - RCTRequired (= 0.72.7)
    - RCTTypeSafety (= 0.72.7)
    - React-Core
    - React-debug
    - React-graphics (= 0.72.7)
    - React-jsi (= 0.72.7)
    - React-jsiexecutor (= 0.72.7)
    - React-logger
    - React-runtimescheduler
    - React-utils
    - ReactCommon/turbomodule/core (= 0.72.7)
  - React-Fabric/componentregistry (0.72.7):
    - DoubleConversion
    - glog
    - hermes-engine
    - RCT-Folly/Fabric (= 2021.07.22.00)
    - RCTRequired (= 0.72.7)
    - RCTTypeSafety (= 0.72.7)
    - React-Core
    - React-debug
    - React-graphics (= 0.72.7)
    - React-jsi (= 0.72.7)
    - React-jsiexecutor (= 0.72.7)
    - React-logger
    - React-runtimescheduler
    - React-utils
    - ReactCommon/turbomodule/core (= 0.72.7)
  - React-Fabric/componentregistrynative (0.72.7):
    - DoubleConversion
    - glog
    - hermes-engine
    - RCT-Folly/Fabric (= 2021.07.22.00)
    - RCTRequired (= 0.72.7)
    - RCTTypeSafety (= 0.72.7)
    - React-Core
    - React-debug
    - React-graphics (= 0.72.7)
    - React-jsi (= 0.72.7)
    - React-jsiexecutor (= 0.72.7)
    - React-logger
    - React-runtimescheduler
    - React-utils
    - ReactCommon/turbomodule/core (= 0.72.7)
  - React-Fabric/components (0.72.7):
    - DoubleConversion
    - glog
    - hermes-engine
    - RCT-Folly/Fabric (= 2021.07.22.00)
    - RCTRequired (= 0.72.7)
    - RCTTypeSafety (= 0.72.7)
    - React-Core
    - React-debug
    - React-Fabric/components/activityindicator (= 0.72.7)
    - React-Fabric/components/image (= 0.72.7)
    - React-Fabric/components/inputaccessory (= 0.72.7)
    - React-Fabric/components/legacyviewmanagerinterop (= 0.72.7)
    - React-Fabric/components/modal (= 0.72.7)
    - React-Fabric/components/rncore (= 0.72.7)
    - React-Fabric/components/root (= 0.72.7)
    - React-Fabric/components/safeareaview (= 0.72.7)
    - React-Fabric/components/scrollview (= 0.72.7)
    - React-Fabric/components/text (= 0.72.7)
    - React-Fabric/components/textinput (= 0.72.7)
    - React-Fabric/components/unimplementedview (= 0.72.7)
    - React-Fabric/components/view (= 0.72.7)
    - React-graphics (= 0.72.7)
    - React-jsi (= 0.72.7)
    - React-jsiexecutor (= 0.72.7)
    - React-logger
    - React-runtimescheduler
    - React-utils
    - ReactCommon/turbomodule/core (= 0.72.7)
  - React-Fabric/components/activityindicator (0.72.7):
    - DoubleConversion
    - glog
    - hermes-engine
    - RCT-Folly/Fabric (= 2021.07.22.00)
    - RCTRequired (= 0.72.7)
    - RCTTypeSafety (= 0.72.7)
    - React-Core
    - React-debug
    - React-graphics (= 0.72.7)
    - React-jsi (= 0.72.7)
    - React-jsiexecutor (= 0.72.7)
    - React-logger
    - React-runtimescheduler
    - React-utils
    - ReactCommon/turbomodule/core (= 0.72.7)
  - React-Fabric/components/image (0.72.7):
    - DoubleConversion
    - glog
    - hermes-engine
    - RCT-Folly/Fabric (= 2021.07.22.00)
    - RCTRequired (= 0.72.7)
    - RCTTypeSafety (= 0.72.7)
    - React-Core
    - React-debug
    - React-graphics (= 0.72.7)
    - React-jsi (= 0.72.7)
    - React-jsiexecutor (= 0.72.7)
    - React-logger
    - React-runtimescheduler
    - React-utils
    - ReactCommon/turbomodule/core (= 0.72.7)
  - React-Fabric/components/inputaccessory (0.72.7):
    - DoubleConversion
    - glog
    - hermes-engine
    - RCT-Folly/Fabric (= 2021.07.22.00)
    - RCTRequired (= 0.72.7)
    - RCTTypeSafety (= 0.72.7)
    - React-Core
    - React-debug
    - React-graphics (= 0.72.7)
    - React-jsi (= 0.72.7)
    - React-jsiexecutor (= 0.72.7)
    - React-logger
    - React-runtimescheduler
    - React-utils
    - ReactCommon/turbomodule/core (= 0.72.7)
  - React-Fabric/components/legacyviewmanagerinterop (0.72.7):
    - DoubleConversion
    - glog
    - hermes-engine
    - RCT-Folly/Fabric (= 2021.07.22.00)
    - RCTRequired (= 0.72.7)
    - RCTTypeSafety (= 0.72.7)
    - React-Core
    - React-debug
    - React-graphics (= 0.72.7)
    - React-jsi (= 0.72.7)
    - React-jsiexecutor (= 0.72.7)
    - React-logger
    - React-runtimescheduler
    - React-utils
    - ReactCommon/turbomodule/core (= 0.72.7)
  - React-Fabric/components/modal (0.72.7):
    - DoubleConversion
    - glog
    - hermes-engine
    - RCT-Folly/Fabric (= 2021.07.22.00)
    - RCTRequired (= 0.72.7)
    - RCTTypeSafety (= 0.72.7)
    - React-Core
    - React-debug
    - React-graphics (= 0.72.7)
    - React-jsi (= 0.72.7)
    - React-jsiexecutor (= 0.72.7)
    - React-logger
    - React-runtimescheduler
    - React-utils
    - ReactCommon/turbomodule/core (= 0.72.7)
  - React-Fabric/components/rncore (0.72.7):
    - DoubleConversion
    - glog
    - hermes-engine
    - RCT-Folly/Fabric (= 2021.07.22.00)
    - RCTRequired (= 0.72.7)
    - RCTTypeSafety (= 0.72.7)
    - React-Core
    - React-debug
    - React-graphics (= 0.72.7)
    - React-jsi (= 0.72.7)
    - React-jsiexecutor (= 0.72.7)
    - React-logger
    - React-runtimescheduler
    - React-utils
    - ReactCommon/turbomodule/core (= 0.72.7)
  - React-Fabric/components/root (0.72.7):
    - DoubleConversion
    - glog
    - hermes-engine
    - RCT-Folly/Fabric (= 2021.07.22.00)
    - RCTRequired (= 0.72.7)
    - RCTTypeSafety (= 0.72.7)
    - React-Core
    - React-debug
    - React-graphics (= 0.72.7)
    - React-jsi (= 0.72.7)
    - React-jsiexecutor (= 0.72.7)
    - React-logger
    - React-runtimescheduler
    - React-utils
    - ReactCommon/turbomodule/core (= 0.72.7)
  - React-Fabric/components/safeareaview (0.72.7):
    - DoubleConversion
    - glog
    - hermes-engine
    - RCT-Folly/Fabric (= 2021.07.22.00)
    - RCTRequired (= 0.72.7)
    - RCTTypeSafety (= 0.72.7)
    - React-Core
    - React-debug
    - React-graphics (= 0.72.7)
    - React-jsi (= 0.72.7)
    - React-jsiexecutor (= 0.72.7)
    - React-logger
    - React-runtimescheduler
    - React-utils
    - ReactCommon/turbomodule/core (= 0.72.7)
  - React-Fabric/components/scrollview (0.72.7):
    - DoubleConversion
    - glog
    - hermes-engine
    - RCT-Folly/Fabric (= 2021.07.22.00)
    - RCTRequired (= 0.72.7)
    - RCTTypeSafety (= 0.72.7)
    - React-Core
    - React-debug
    - React-graphics (= 0.72.7)
    - React-jsi (= 0.72.7)
    - React-jsiexecutor (= 0.72.7)
    - React-logger
    - React-runtimescheduler
    - React-utils
    - ReactCommon/turbomodule/core (= 0.72.7)
  - React-Fabric/components/text (0.72.7):
    - DoubleConversion
    - glog
    - hermes-engine
    - RCT-Folly/Fabric (= 2021.07.22.00)
    - RCTRequired (= 0.72.7)
    - RCTTypeSafety (= 0.72.7)
    - React-Core
    - React-debug
    - React-graphics (= 0.72.7)
    - React-jsi (= 0.72.7)
    - React-jsiexecutor (= 0.72.7)
    - React-logger
    - React-runtimescheduler
    - React-utils
    - ReactCommon/turbomodule/core (= 0.72.7)
  - React-Fabric/components/textinput (0.72.7):
    - DoubleConversion
    - glog
    - hermes-engine
    - RCT-Folly/Fabric (= 2021.07.22.00)
    - RCTRequired (= 0.72.7)
    - RCTTypeSafety (= 0.72.7)
    - React-Core
    - React-debug
    - React-graphics (= 0.72.7)
    - React-jsi (= 0.72.7)
    - React-jsiexecutor (= 0.72.7)
    - React-logger
    - React-runtimescheduler
    - React-utils
    - ReactCommon/turbomodule/core (= 0.72.7)
  - React-Fabric/components/unimplementedview (0.72.7):
    - DoubleConversion
    - glog
    - hermes-engine
    - RCT-Folly/Fabric (= 2021.07.22.00)
    - RCTRequired (= 0.72.7)
    - RCTTypeSafety (= 0.72.7)
    - React-Core
    - React-debug
    - React-graphics (= 0.72.7)
    - React-jsi (= 0.72.7)
    - React-jsiexecutor (= 0.72.7)
    - React-logger
    - React-runtimescheduler
    - React-utils
    - ReactCommon/turbomodule/core (= 0.72.7)
  - React-Fabric/components/view (0.72.7):
    - DoubleConversion
    - glog
    - hermes-engine
    - RCT-Folly/Fabric (= 2021.07.22.00)
    - RCTRequired (= 0.72.7)
    - RCTTypeSafety (= 0.72.7)
    - React-Core
    - React-debug
    - React-graphics (= 0.72.7)
    - React-jsi (= 0.72.7)
    - React-jsiexecutor (= 0.72.7)
    - React-logger
    - React-runtimescheduler
    - React-utils
    - ReactCommon/turbomodule/core (= 0.72.7)
    - Yoga
  - React-Fabric/config (0.72.7):
    - DoubleConversion
    - glog
    - hermes-engine
    - RCT-Folly/Fabric (= 2021.07.22.00)
    - RCTRequired (= 0.72.7)
    - RCTTypeSafety (= 0.72.7)
    - React-Core
    - React-debug
    - React-graphics (= 0.72.7)
    - React-jsi (= 0.72.7)
    - React-jsiexecutor (= 0.72.7)
    - React-logger
    - React-runtimescheduler
    - React-utils
    - ReactCommon/turbomodule/core (= 0.72.7)
  - React-Fabric/core (0.72.7):
    - DoubleConversion
    - glog
    - hermes-engine
    - RCT-Folly/Fabric (= 2021.07.22.00)
    - RCTRequired (= 0.72.7)
    - RCTTypeSafety (= 0.72.7)
    - React-Core
    - React-debug
    - React-graphics (= 0.72.7)
    - React-jsi (= 0.72.7)
    - React-jsiexecutor (= 0.72.7)
    - React-logger
    - React-runtimescheduler
    - React-utils
    - ReactCommon/turbomodule/core (= 0.72.7)
  - React-Fabric/debug_renderer (0.72.7):
    - DoubleConversion
    - glog
    - hermes-engine
    - RCT-Folly/Fabric (= 2021.07.22.00)
    - RCTRequired (= 0.72.7)
    - RCTTypeSafety (= 0.72.7)
    - React-Core
    - React-debug
    - React-graphics (= 0.72.7)
    - React-jsi (= 0.72.7)
    - React-jsiexecutor (= 0.72.7)
    - React-logger
    - React-runtimescheduler
    - React-utils
    - ReactCommon/turbomodule/core (= 0.72.7)
  - React-Fabric/imagemanager (0.72.7):
    - DoubleConversion
    - glog
    - hermes-engine
    - RCT-Folly/Fabric (= 2021.07.22.00)
    - RCTRequired (= 0.72.7)
    - RCTTypeSafety (= 0.72.7)
    - React-Core
    - React-debug
    - React-graphics (= 0.72.7)
    - React-jsi (= 0.72.7)
    - React-jsiexecutor (= 0.72.7)
    - React-logger
    - React-runtimescheduler
    - React-utils
    - ReactCommon/turbomodule/core (= 0.72.7)
  - React-Fabric/leakchecker (0.72.7):
    - DoubleConversion
    - glog
    - hermes-engine
    - RCT-Folly/Fabric (= 2021.07.22.00)
    - RCTRequired (= 0.72.7)
    - RCTTypeSafety (= 0.72.7)
    - React-Core
    - React-debug
    - React-graphics (= 0.72.7)
    - React-jsi (= 0.72.7)
    - React-jsiexecutor (= 0.72.7)
    - React-logger
    - React-runtimescheduler
    - React-utils
    - ReactCommon/turbomodule/core (= 0.72.7)
  - React-Fabric/mapbuffer (0.72.7):
    - DoubleConversion
    - glog
    - hermes-engine
    - RCT-Folly/Fabric (= 2021.07.22.00)
    - RCTRequired (= 0.72.7)
    - RCTTypeSafety (= 0.72.7)
    - React-Core
    - React-debug
    - React-graphics (= 0.72.7)
    - React-jsi (= 0.72.7)
    - React-jsiexecutor (= 0.72.7)
    - React-logger
    - React-runtimescheduler
    - React-utils
    - ReactCommon/turbomodule/core (= 0.72.7)
  - React-Fabric/mounting (0.72.7):
    - DoubleConversion
    - glog
    - hermes-engine
    - RCT-Folly/Fabric (= 2021.07.22.00)
    - RCTRequired (= 0.72.7)
    - RCTTypeSafety (= 0.72.7)
    - React-Core
    - React-debug
    - React-graphics (= 0.72.7)
    - React-jsi (= 0.72.7)
    - React-jsiexecutor (= 0.72.7)
    - React-logger
    - React-runtimescheduler
    - React-utils
    - ReactCommon/turbomodule/core (= 0.72.7)
  - React-Fabric/scheduler (0.72.7):
    - DoubleConversion
    - glog
    - hermes-engine
    - RCT-Folly/Fabric (= 2021.07.22.00)
    - RCTRequired (= 0.72.7)
    - RCTTypeSafety (= 0.72.7)
    - React-Core
    - React-debug
    - React-graphics (= 0.72.7)
    - React-jsi (= 0.72.7)
    - React-jsiexecutor (= 0.72.7)
    - React-logger
    - React-runtimescheduler
    - React-utils
    - ReactCommon/turbomodule/core (= 0.72.7)
  - React-Fabric/telemetry (0.72.7):
    - DoubleConversion
    - glog
    - hermes-engine
    - RCT-Folly/Fabric (= 2021.07.22.00)
    - RCTRequired (= 0.72.7)
    - RCTTypeSafety (= 0.72.7)
    - React-Core
    - React-debug
    - React-graphics (= 0.72.7)
    - React-jsi (= 0.72.7)
    - React-jsiexecutor (= 0.72.7)
    - React-logger
    - React-runtimescheduler
    - React-utils
    - ReactCommon/turbomodule/core (= 0.72.7)
  - React-Fabric/templateprocessor (0.72.7):
    - DoubleConversion
    - glog
    - hermes-engine
    - RCT-Folly/Fabric (= 2021.07.22.00)
    - RCTRequired (= 0.72.7)
    - RCTTypeSafety (= 0.72.7)
    - React-Core
    - React-debug
    - React-graphics (= 0.72.7)
    - React-jsi (= 0.72.7)
    - React-jsiexecutor (= 0.72.7)
    - React-logger
    - React-runtimescheduler
    - React-utils
    - ReactCommon/turbomodule/core (= 0.72.7)
  - React-Fabric/textlayoutmanager (0.72.7):
    - DoubleConversion
    - glog
    - hermes-engine
    - RCT-Folly/Fabric (= 2021.07.22.00)
    - RCTRequired (= 0.72.7)
    - RCTTypeSafety (= 0.72.7)
    - React-Core
    - React-debug
    - React-Fabric/uimanager
    - React-graphics (= 0.72.7)
    - React-jsi (= 0.72.7)
    - React-jsiexecutor (= 0.72.7)
    - React-logger
    - React-runtimescheduler
    - React-utils
    - ReactCommon/turbomodule/core (= 0.72.7)
  - React-Fabric/uimanager (0.72.7):
    - DoubleConversion
    - glog
    - hermes-engine
    - RCT-Folly/Fabric (= 2021.07.22.00)
    - RCTRequired (= 0.72.7)
    - RCTTypeSafety (= 0.72.7)
    - React-Core
    - React-debug
    - React-graphics (= 0.72.7)
    - React-jsi (= 0.72.7)
    - React-jsiexecutor (= 0.72.7)
    - React-logger
    - React-runtimescheduler
    - React-utils
    - ReactCommon/turbomodule/core (= 0.72.7)
  - React-graphics (0.72.7):
    - glog
    - RCT-Folly/Fabric (= 2021.07.22.00)
    - React-Core/Default (= 0.72.7)
  - React-hermes (0.72.7):
    - DoubleConversion
    - glog
    - hermes-engine
    - RCT-Folly (= 2021.07.22.00)
    - RCT-Folly/Futures (= 2021.07.22.00)
    - React-cxxreact (= 0.72.7)
    - React-jsi
    - React-jsiexecutor (= 0.72.7)
    - React-jsinspector (= 0.72.7)
    - React-perflogger (= 0.72.7)
  - React-ImageManager (0.72.7):
    - glog
    - RCT-Folly/Fabric
    - React-Core/Default
    - React-debug
    - React-Fabric
    - React-RCTImage
    - React-utils
  - React-jsi (0.72.7):
    - boost (= 1.76.0)
    - DoubleConversion
    - glog
    - hermes-engine
    - RCT-Folly (= 2021.07.22.00)
  - React-jsiexecutor (0.72.7):
    - DoubleConversion
    - glog
    - hermes-engine
    - RCT-Folly (= 2021.07.22.00)
    - React-cxxreact (= 0.72.7)
    - React-jsi (= 0.72.7)
    - React-perflogger (= 0.72.7)
  - React-jsinspector (0.72.7)
  - React-logger (0.72.7):
    - glog
  - react-native-safe-area-context (4.7.4):
    - hermes-engine
    - RCT-Folly (= 2021.07.22.00)
    - RCTRequired
    - RCTTypeSafety
    - React-Codegen
    - React-Core
    - React-debug
    - React-Fabric
    - React-graphics
    - react-native-safe-area-context/common (= 4.7.4)
    - react-native-safe-area-context/fabric (= 4.7.4)
    - React-NativeModulesApple
    - React-RCTFabric
    - React-utils
    - ReactCommon/turbomodule/bridging
    - ReactCommon/turbomodule/core
    - Yoga
  - react-native-safe-area-context/common (4.7.4):
    - hermes-engine
    - RCT-Folly (= 2021.07.22.00)
    - RCTRequired
    - RCTTypeSafety
    - React-Codegen
    - React-Core
    - React-debug
    - React-Fabric
    - React-graphics
    - React-NativeModulesApple
    - React-RCTFabric
    - React-utils
    - ReactCommon/turbomodule/bridging
    - ReactCommon/turbomodule/core
    - Yoga
  - react-native-safe-area-context/fabric (4.7.4):
    - hermes-engine
    - RCT-Folly (= 2021.07.22.00)
    - RCTRequired
    - RCTTypeSafety
    - React-Codegen
    - React-Core
    - React-debug
    - React-Fabric
    - React-graphics
    - react-native-safe-area-context/common
    - React-NativeModulesApple
    - React-RCTFabric
    - React-utils
    - ReactCommon/turbomodule/bridging
    - ReactCommon/turbomodule/core
    - Yoga
  - React-NativeModulesApple (0.72.7):
    - hermes-engine
    - React-callinvoker
    - React-Core
    - React-cxxreact
    - React-jsi
    - React-runtimeexecutor
    - ReactCommon/turbomodule/bridging
    - ReactCommon/turbomodule/core
  - React-perflogger (0.72.7)
  - React-RCTActionSheet (0.72.7):
    - React-Core/RCTActionSheetHeaders (= 0.72.7)
  - React-RCTAnimation (0.72.7):
    - RCT-Folly (= 2021.07.22.00)
    - RCTTypeSafety (= 0.72.7)
    - React-Codegen (= 0.72.7)
    - React-Core/RCTAnimationHeaders (= 0.72.7)
    - React-jsi (= 0.72.7)
    - ReactCommon/turbomodule/core (= 0.72.7)
  - React-RCTAppDelegate (0.72.7):
    - RCT-Folly
    - RCTRequired
    - RCTTypeSafety
    - React-Core
    - React-CoreModules
    - React-debug
    - React-graphics
    - React-hermes
    - React-NativeModulesApple
    - React-RCTFabric
    - React-RCTImage
    - React-RCTNetwork
    - React-runtimescheduler
    - React-utils
    - ReactCommon/turbomodule/core
  - React-RCTBlob (0.72.7):
    - hermes-engine
    - RCT-Folly (= 2021.07.22.00)
    - React-Codegen (= 0.72.7)
    - React-Core/RCTBlobHeaders (= 0.72.7)
    - React-Core/RCTWebSocket (= 0.72.7)
    - React-jsi (= 0.72.7)
    - React-RCTNetwork (= 0.72.7)
    - ReactCommon/turbomodule/core (= 0.72.7)
  - React-RCTFabric (0.72.7):
    - glog
    - hermes-engine
    - RCT-Folly/Fabric (= 2021.07.22.00)
    - React-Core (= 0.72.7)
    - React-Fabric (= 0.72.7)
    - React-ImageManager
    - React-RCTImage (= 0.72.7)
    - React-RCTText
    - React-runtimescheduler
    - React-utils
    - Yoga
  - React-RCTImage (0.72.7):
    - RCT-Folly (= 2021.07.22.00)
    - RCTTypeSafety (= 0.72.7)
    - React-Codegen (= 0.72.7)
    - React-Core/RCTImageHeaders (= 0.72.7)
    - React-jsi (= 0.72.7)
    - React-RCTNetwork (= 0.72.7)
    - ReactCommon/turbomodule/core (= 0.72.7)
  - React-RCTLinking (0.72.7):
    - React-Codegen (= 0.72.7)
    - React-Core/RCTLinkingHeaders (= 0.72.7)
    - React-jsi (= 0.72.7)
    - ReactCommon/turbomodule/core (= 0.72.7)
  - React-RCTNetwork (0.72.7):
    - RCT-Folly (= 2021.07.22.00)
    - RCTTypeSafety (= 0.72.7)
    - React-Codegen (= 0.72.7)
    - React-Core/RCTNetworkHeaders (= 0.72.7)
    - React-jsi (= 0.72.7)
    - ReactCommon/turbomodule/core (= 0.72.7)
  - React-RCTSettings (0.72.7):
    - RCT-Folly (= 2021.07.22.00)
    - RCTTypeSafety (= 0.72.7)
    - React-Codegen (= 0.72.7)
    - React-Core/RCTSettingsHeaders (= 0.72.7)
    - React-jsi (= 0.72.7)
    - ReactCommon/turbomodule/core (= 0.72.7)
  - React-RCTText (0.72.7):
    - React-Core/RCTTextHeaders (= 0.72.7)
  - React-RCTVibration (0.72.7):
    - RCT-Folly (= 2021.07.22.00)
    - React-Codegen (= 0.72.7)
    - React-Core/RCTVibrationHeaders (= 0.72.7)
    - React-jsi (= 0.72.7)
    - ReactCommon/turbomodule/core (= 0.72.7)
  - React-rncore (0.72.7)
  - React-runtimeexecutor (0.72.7):
    - React-jsi (= 0.72.7)
  - React-runtimescheduler (0.72.7):
    - glog
    - hermes-engine
    - RCT-Folly (= 2021.07.22.00)
    - React-callinvoker
    - React-debug
    - React-jsi
    - React-runtimeexecutor
  - React-utils (0.72.7):
    - glog
    - RCT-Folly (= 2021.07.22.00)
    - React-debug
  - ReactCommon/turbomodule/bridging (0.72.7):
    - DoubleConversion
    - glog
    - hermes-engine
    - RCT-Folly (= 2021.07.22.00)
    - React-callinvoker (= 0.72.7)
    - React-cxxreact (= 0.72.7)
    - React-jsi (= 0.72.7)
    - React-logger (= 0.72.7)
    - React-perflogger (= 0.72.7)
  - ReactCommon/turbomodule/core (0.72.7):
    - DoubleConversion
    - glog
    - hermes-engine
    - RCT-Folly (= 2021.07.22.00)
    - React-callinvoker (= 0.72.7)
    - React-cxxreact (= 0.72.7)
    - React-jsi (= 0.72.7)
    - React-logger (= 0.72.7)
    - React-perflogger (= 0.72.7)
  - RNScreens (3.27.0):
    - hermes-engine
    - RCT-Folly (= 2021.07.22.00)
    - RCTRequired
    - RCTTypeSafety
    - React-Codegen
    - React-Core
    - React-debug
    - React-Fabric
    - React-graphics
    - React-NativeModulesApple
    - React-RCTFabric
    - React-utils
    - ReactCommon/turbomodule/bridging
    - ReactCommon/turbomodule/core
    - RNScreens/common (= 3.27.0)
    - Yoga
  - RNScreens/common (3.27.0):
    - hermes-engine
    - RCT-Folly (= 2021.07.22.00)
    - RCTRequired
    - RCTTypeSafety
    - React-Codegen
    - React-Core
    - React-debug
    - React-Fabric
    - React-graphics
    - React-NativeModulesApple
    - React-RCTFabric
    - React-utils
    - ReactCommon/turbomodule/bridging
    - ReactCommon/turbomodule/core
    - Yoga
  - RNSVG (14.1.0):
    - hermes-engine
    - RCT-Folly (= 2021.07.22.00)
    - RCTRequired
    - RCTTypeSafety
    - React-Codegen
    - React-Core
    - React-debug
    - React-Fabric
    - React-graphics
    - React-NativeModulesApple
    - React-RCTFabric
    - React-utils
    - ReactCommon/turbomodule/bridging
    - ReactCommon/turbomodule/core
    - RNSVG/common (= 14.1.0)
    - Yoga
  - RNSVG/common (14.1.0):
    - hermes-engine
    - RCT-Folly (= 2021.07.22.00)
    - RCTRequired
    - RCTTypeSafety
    - React-Codegen
    - React-Core
    - React-debug
    - React-Fabric
    - React-graphics
    - React-NativeModulesApple
    - React-RCTFabric
    - React-utils
    - ReactCommon/turbomodule/bridging
    - ReactCommon/turbomodule/core
    - Yoga
  - SocketRocket (0.6.1)
  - Yoga (1.14.0)
  - YogaKit (1.18.1):
    - Yoga (~> 1.14)

DEPENDENCIES:
  - AppTurboModules (from `./../tm`)
  - boost (from `../../../node_modules/react-native/third-party-podspecs/boost.podspec`)
  - DoubleConversion (from `../../../node_modules/react-native/third-party-podspecs/DoubleConversion.podspec`)
  - FBLazyVector (from `../../../node_modules/react-native/Libraries/FBLazyVector`)
  - Flipper (= 0.182.0)
  - Flipper-Boost-iOSX (= 1.76.0.1.11)
  - Flipper-DoubleConversion (= 3.2.0.1)
  - Flipper-Fmt (= 7.1.7)
  - Flipper-Folly (= 2.6.10)
  - Flipper-Glog (= 0.5.0.5)
  - Flipper-PeerTalk (= 0.0.4)
  - FlipperKit (= 0.182.0)
  - FlipperKit/Core (= 0.182.0)
  - FlipperKit/CppBridge (= 0.182.0)
  - FlipperKit/FBCxxFollyDynamicConvert (= 0.182.0)
  - FlipperKit/FBDefines (= 0.182.0)
  - FlipperKit/FKPortForwarding (= 0.182.0)
  - FlipperKit/FlipperKitHighlightOverlay (= 0.182.0)
  - FlipperKit/FlipperKitLayoutPlugin (= 0.182.0)
  - FlipperKit/FlipperKitLayoutTextSearchable (= 0.182.0)
  - FlipperKit/FlipperKitNetworkPlugin (= 0.182.0)
  - FlipperKit/FlipperKitReactPlugin (= 0.182.0)
  - FlipperKit/FlipperKitUserDefaultsPlugin (= 0.182.0)
  - FlipperKit/SKIOSNetworkPlugin (= 0.182.0)
  - glog (from `../../../node_modules/react-native/third-party-podspecs/glog.podspec`)
  - hermes-engine (from `../../../node_modules/react-native/sdks/hermes-engine/hermes-engine.podspec`)
  - libevent (~> 2.1.12)
  - OpenSSL-Universal (= 1.1.1100)
  - RCT-Folly (from `../../../node_modules/react-native/third-party-podspecs/RCT-Folly.podspec`)
  - RCT-Folly/Fabric (from `../../../node_modules/react-native/third-party-podspecs/RCT-Folly.podspec`)
  - RCTRequired (from `../../../node_modules/react-native/Libraries/RCTRequired`)
  - RCTTypeSafety (from `../../../node_modules/react-native/Libraries/TypeSafety`)
  - React (from `../../../node_modules/react-native/`)
  - React-callinvoker (from `../../../node_modules/react-native/ReactCommon/callinvoker`)
  - React-Codegen (from `build/generated/ios`)
  - React-Core (from `../../../node_modules/react-native/`)
  - React-Core/DevSupport (from `../../../node_modules/react-native/`)
  - React-Core/RCTWebSocket (from `../../../node_modules/react-native/`)
  - React-CoreModules (from `../../../node_modules/react-native/React/CoreModules`)
  - React-cxxreact (from `../../../node_modules/react-native/ReactCommon/cxxreact`)
  - React-debug (from `../../../node_modules/react-native/ReactCommon/react/debug`)
  - React-Fabric (from `../../../node_modules/react-native/ReactCommon`)
  - React-graphics (from `../../../node_modules/react-native/ReactCommon/react/renderer/graphics`)
  - React-hermes (from `../../../node_modules/react-native/ReactCommon/hermes`)
  - React-ImageManager (from `../../../node_modules/react-native/ReactCommon/react/renderer/imagemanager/platform/ios`)
  - React-jsi (from `../../../node_modules/react-native/ReactCommon/jsi`)
  - React-jsiexecutor (from `../../../node_modules/react-native/ReactCommon/jsiexecutor`)
  - React-jsinspector (from `../../../node_modules/react-native/ReactCommon/jsinspector`)
  - React-logger (from `../../../node_modules/react-native/ReactCommon/logger`)
  - react-native-safe-area-context (from `../../../node_modules/react-native-safe-area-context`)
  - React-NativeModulesApple (from `../../../node_modules/react-native/ReactCommon/react/nativemodule/core/platform/ios`)
  - React-perflogger (from `../../../node_modules/react-native/ReactCommon/reactperflogger`)
  - React-RCTActionSheet (from `../../../node_modules/react-native/Libraries/ActionSheetIOS`)
  - React-RCTAnimation (from `../../../node_modules/react-native/Libraries/NativeAnimation`)
  - React-RCTAppDelegate (from `../../../node_modules/react-native/Libraries/AppDelegate`)
  - React-RCTBlob (from `../../../node_modules/react-native/Libraries/Blob`)
  - React-RCTFabric (from `../../../node_modules/react-native/React`)
  - React-RCTImage (from `../../../node_modules/react-native/Libraries/Image`)
  - React-RCTLinking (from `../../../node_modules/react-native/Libraries/LinkingIOS`)
  - React-RCTNetwork (from `../../../node_modules/react-native/Libraries/Network`)
  - React-RCTSettings (from `../../../node_modules/react-native/Libraries/Settings`)
  - React-RCTText (from `../../../node_modules/react-native/Libraries/Text`)
  - React-RCTVibration (from `../../../node_modules/react-native/Libraries/Vibration`)
  - React-rncore (from `../../../node_modules/react-native/ReactCommon`)
  - React-runtimeexecutor (from `../../../node_modules/react-native/ReactCommon/runtimeexecutor`)
  - React-runtimescheduler (from `../../../node_modules/react-native/ReactCommon/react/renderer/runtimescheduler`)
  - React-utils (from `../../../node_modules/react-native/ReactCommon/react/utils`)
  - ReactCommon/turbomodule/core (from `../../../node_modules/react-native/ReactCommon`)
  - RNScreens (from `../../../node_modules/react-native-screens`)
  - RNSVG (from `../../../node_modules/react-native-svg`)
  - Yoga (from `../../../node_modules/react-native/ReactCommon/yoga`)

SPEC REPOS:
  trunk:
    - CocoaAsyncSocket
    - Flipper
    - Flipper-Boost-iOSX
    - Flipper-DoubleConversion
    - Flipper-Fmt
    - Flipper-Folly
    - Flipper-Glog
    - Flipper-PeerTalk
    - FlipperKit
    - fmt
    - libevent
    - OpenSSL-Universal
    - SocketRocket
    - YogaKit

EXTERNAL SOURCES:
  AppTurboModules:
    :path: "./../tm"
  boost:
    :podspec: "../../../node_modules/react-native/third-party-podspecs/boost.podspec"
  DoubleConversion:
    :podspec: "../../../node_modules/react-native/third-party-podspecs/DoubleConversion.podspec"
  FBLazyVector:
    :path: "../../../node_modules/react-native/Libraries/FBLazyVector"
  glog:
    :podspec: "../../../node_modules/react-native/third-party-podspecs/glog.podspec"
  hermes-engine:
    :podspec: "../../../node_modules/react-native/sdks/hermes-engine/hermes-engine.podspec"
    :tag: hermes-2023-08-07-RNv0.72.4-813b2def12bc9df02654b3e3653ae4a68d0572e0
  RCT-Folly:
    :podspec: "../../../node_modules/react-native/third-party-podspecs/RCT-Folly.podspec"
  RCTRequired:
    :path: "../../../node_modules/react-native/Libraries/RCTRequired"
  RCTTypeSafety:
    :path: "../../../node_modules/react-native/Libraries/TypeSafety"
  React:
    :path: "../../../node_modules/react-native/"
  React-callinvoker:
    :path: "../../../node_modules/react-native/ReactCommon/callinvoker"
  React-Codegen:
    :path: build/generated/ios
  React-Core:
    :path: "../../../node_modules/react-native/"
  React-CoreModules:
    :path: "../../../node_modules/react-native/React/CoreModules"
  React-cxxreact:
    :path: "../../../node_modules/react-native/ReactCommon/cxxreact"
  React-debug:
    :path: "../../../node_modules/react-native/ReactCommon/react/debug"
  React-Fabric:
    :path: "../../../node_modules/react-native/ReactCommon"
  React-graphics:
    :path: "../../../node_modules/react-native/ReactCommon/react/renderer/graphics"
  React-hermes:
    :path: "../../../node_modules/react-native/ReactCommon/hermes"
  React-ImageManager:
    :path: "../../../node_modules/react-native/ReactCommon/react/renderer/imagemanager/platform/ios"
  React-jsi:
    :path: "../../../node_modules/react-native/ReactCommon/jsi"
  React-jsiexecutor:
    :path: "../../../node_modules/react-native/ReactCommon/jsiexecutor"
  React-jsinspector:
    :path: "../../../node_modules/react-native/ReactCommon/jsinspector"
  React-logger:
    :path: "../../../node_modules/react-native/ReactCommon/logger"
  react-native-safe-area-context:
    :path: "../../../node_modules/react-native-safe-area-context"
  React-NativeModulesApple:
    :path: "../../../node_modules/react-native/ReactCommon/react/nativemodule/core/platform/ios"
  React-perflogger:
    :path: "../../../node_modules/react-native/ReactCommon/reactperflogger"
  React-RCTActionSheet:
    :path: "../../../node_modules/react-native/Libraries/ActionSheetIOS"
  React-RCTAnimation:
    :path: "../../../node_modules/react-native/Libraries/NativeAnimation"
  React-RCTAppDelegate:
    :path: "../../../node_modules/react-native/Libraries/AppDelegate"
  React-RCTBlob:
    :path: "../../../node_modules/react-native/Libraries/Blob"
  React-RCTFabric:
    :path: "../../../node_modules/react-native/React"
  React-RCTImage:
    :path: "../../../node_modules/react-native/Libraries/Image"
  React-RCTLinking:
    :path: "../../../node_modules/react-native/Libraries/LinkingIOS"
  React-RCTNetwork:
    :path: "../../../node_modules/react-native/Libraries/Network"
  React-RCTSettings:
    :path: "../../../node_modules/react-native/Libraries/Settings"
  React-RCTText:
    :path: "../../../node_modules/react-native/Libraries/Text"
  React-RCTVibration:
    :path: "../../../node_modules/react-native/Libraries/Vibration"
  React-rncore:
    :path: "../../../node_modules/react-native/ReactCommon"
  React-runtimeexecutor:
    :path: "../../../node_modules/react-native/ReactCommon/runtimeexecutor"
  React-runtimescheduler:
    :path: "../../../node_modules/react-native/ReactCommon/react/renderer/runtimescheduler"
  React-utils:
    :path: "../../../node_modules/react-native/ReactCommon/react/utils"
  ReactCommon:
    :path: "../../../node_modules/react-native/ReactCommon"
  RNScreens:
    :path: "../../../node_modules/react-native-screens"
  RNSVG:
    :path: "../../../node_modules/react-native-svg"
  Yoga:
    :path: "../../../node_modules/react-native/ReactCommon/yoga"

SPEC CHECKSUMS:
  AppTurboModules: d00d6d853d25feeb26fb2044d74367e2819cc018
  boost: 57d2868c099736d80fcd648bf211b4431e51a558
  CocoaAsyncSocket: 065fd1e645c7abab64f7a6a2007a48038fdc6a99
  DoubleConversion: 5189b271737e1565bdce30deb4a08d647e3f5f54
  FBLazyVector: 5fbbff1d7734827299274638deb8ba3024f6c597
  Flipper: 6edb735e6c3e332975d1b17956bcc584eccf5818
  Flipper-Boost-iOSX: fd1e2b8cbef7e662a122412d7ac5f5bea715403c
  Flipper-DoubleConversion: 2dc99b02f658daf147069aad9dbd29d8feb06d30
  Flipper-Fmt: 60cbdd92fc254826e61d669a5d87ef7015396a9b
  Flipper-Folly: 584845625005ff068a6ebf41f857f468decd26b3
  Flipper-Glog: 70c50ce58ddaf67dc35180db05f191692570f446
  Flipper-PeerTalk: 116d8f857dc6ef55c7a5a75ea3ceaafe878aadc9
  FlipperKit: 2efad7007d6745a3f95e4034d547be637f89d3f6
  fmt: ff9d55029c625d3757ed641535fd4a75fedc7ce9
  glog: 04b94705f318337d7ead9e6d17c019bd9b1f6b1b
  hermes-engine: 9180d43df05c1ed658a87cc733dc3044cf90c00a
  libevent: 4049cae6c81cdb3654a443be001fb9bdceff7913
  OpenSSL-Universal: ebc357f1e6bc71fa463ccb2fe676756aff50e88c
  RCT-Folly: 424b8c9a7a0b9ab2886ffe9c3b041ef628fd4fb1
  RCTRequired: 83bca1c184feb4d2e51c72c8369b83d641443f95
  RCTTypeSafety: 13c4a87a16d7db6cd66006ce9759f073402ef85b
  React: e67aa9f99957c7611c392b5e49355d877d6525e2
  React-callinvoker: 2790c09d964c2e5404b5410cde91b152e3746b7b
  React-Codegen: 8183fc9e0bdad454bdf0e4ac01d8baf0690550c7
  React-Core: 9283f1e7d0d5e3d33ad298547547b1b43912534c
  React-CoreModules: 6312c9b2fec4329d9ae6a2b8c350032d1664c51b
  React-cxxreact: 7da72565656c8ac7f97c9a031d0b199bbdec0640
  React-debug: 4accb2b9dc09b575206d2c42f4082990a52ae436
  React-Fabric: 4d4a0c5b4d4e0ffe075308e252a6b843564970b5
  React-graphics: 8425904e0836c80c395e3c60b92684296da70a99
  React-hermes: 1299a94f255f59a72d5baa54a2ca2e1eee104947
  React-ImageManager: a3abf30734a223d3164fe6f4f2e243eb63dc4999
  React-jsi: 2208de64c3a41714ac04e86975386fc49116ea13
  React-jsiexecutor: c49502e5d02112247ee4526bc3ccfc891ae3eb9b
  React-jsinspector: 8baadae51f01d867c3921213a25ab78ab4fbcd91
  React-logger: 8edc785c47c8686c7962199a307015e2ce9a0e4f
  react-native-safe-area-context: 2364c50b45e31a9bd7a7f0b6fc8f529f1dd8aa05
  React-NativeModulesApple: b6868ee904013a7923128892ee4a032498a1024a
  React-perflogger: 31ea61077185eb1428baf60c0db6e2886f141a5a
  React-RCTActionSheet: 392090a3abc8992eb269ef0eaa561750588fc39d
  React-RCTAnimation: 4b3cc6a29474bc0d78c4f04b52ab59bf760e8a9b
  React-RCTAppDelegate: 0632ca7249b3f9e612bb85db5235c791e11b24fe
  React-RCTBlob: 3e23dcbe6638897b5605e46d0d62955d78e8d27b
  React-RCTFabric: ea887f46da1023350dec1ce777afa86060181d96
  React-RCTImage: 8a5d339d614a90a183fc1b8b6a7eb44e2e703943
  React-RCTLinking: b37dfbf646d77c326f9eae094b1fcd575b1c24c7
  React-RCTNetwork: 8bed9b2461c7d8a7d14e63df9b16181c448beebc
  React-RCTSettings: 506a5f09a455123a8873801b70aa7b4010b76b01
  React-RCTText: 3c71ecaad8ee010b79632ea2590f86c02f5cce17
  React-RCTVibration: d1b78ca38f61ea4b3e9ebb2ddbd0b5662631d99b
  React-rncore: fafe0e6a141e4e5cb3467a95008e17a25e5272c8
  React-runtimeexecutor: 47b0a2d5bbb416db65ef881a6f7bdcfefa0001ab
  React-runtimescheduler: 7649c3b46c8dee1853691ecf60146a16ae59253c
  React-utils: 56838edeaaf651220d1e53cd0b8934fb8ce68415
  ReactCommon: 5f704096ccf7733b390f59043b6fa9cc180ee4f6
  RNScreens: 8e44ede8be80fbd17005680b7c86722a42d8dc73
  RNSVG: 298118f5920e7ca7bde4a26281035a02dbe0c50e
  SocketRocket: f32cd54efbe0f095c4d7594881e52619cfe80b17
  Yoga: 4c3aa327e4a6a23eeacd71f61c81df1bcdf677d5
  YogaKit: f782866e155069a2cca2517aafea43200b01fd5a

PODFILE CHECKSUM: 2d624e1c39240a91babd1b2ff58470406ba39346

COCOAPODS: 1.12.1
