PODS:
  - boost-for-react-native (1.63.0)
  - CocoaAsyncSocket (7.6.3)
  - CocoaLibEvent (1.0.0)
  - DoubleConversion (1.1.6)
  - FBLazyVector (0.61.3)
  - FBReactNativeSpec (0.61.3):
    - Folly (= 2018.10.22.00)
    - RCTRequired (= 0.61.3)
    - RCTTypeSafety (= 0.61.3)
    - React-Core (= 0.61.3)
    - React-jsi (= 0.61.3)
    - ReactCommon/turbomodule/core (= 0.61.3)
  - Flipper (0.23.7):
    - Flipper-Folly (~> 2.0)
    - Flipper-RSocket (~> 1.0)
  - Flipper-Folly (2.0.0):
    - boost-for-react-native
    - CocoaLibEvent (~> 1.0)
    - DoubleConversion
    - glog
    - openssl-ios-bitcode (~> 1.0)
  - Flipper-PeerTalk (0.0.4)
  - Flipper-RSocket (1.0.0):
    - Flipper-Folly (~> 2.0)
  - FlipperKit (0.23.7):
    - FlipperKit/Core (= 0.23.7)
  - FlipperKit/Core (0.23.7):
    - Flipper (~> 0.23.7)
    - FlipperKit/CppBridge
    - FlipperKit/FBCxxFollyDynamicConvert
    - FlipperKit/FBDefines
    - FlipperKit/FKPortForwarding
  - FlipperKit/CppBridge (0.23.7):
    - Flipper (~> 0.23.7)
  - FlipperKit/FBCxxFollyDynamicConvert (0.23.7):
    - Flipper-Folly (~> 2.0)
  - FlipperKit/FBDefines (0.23.7)
  - FlipperKit/FKPortForwarding (0.23.7):
    - CocoaAsyncSocket (~> 7.6)
    - Flipper-PeerTalk (~> 0.0.4)
  - FlipperKit/FlipperKitHighlightOverlay (0.23.7)
  - FlipperKit/FlipperKitLayoutPlugin (0.23.7):
    - FlipperKit/Core
    - FlipperKit/FlipperKitHighlightOverlay
    - FlipperKit/FlipperKitLayoutTextSearchable
    - YogaKit (~> 1.14)
  - FlipperKit/FlipperKitLayoutTextSearchable (0.23.7)
  - FlipperKit/FlipperKitNetworkPlugin (0.23.7):
    - FlipperKit/Core
  - FlipperKit/FlipperKitReactPlugin (0.23.7):
    - FlipperKit/Core
  - FlipperKit/FlipperKitUserDefaultsPlugin (0.23.7):
    - FlipperKit/Core
  - FlipperKit/SKIOSNetworkPlugin (0.23.7):
    - FlipperKit/Core
    - FlipperKit/FlipperKitNetworkPlugin
  - Folly (2018.10.22.00):
    - boost-for-react-native
    - DoubleConversion
    - Folly/Default (= 2018.10.22.00)
    - glog
  - Folly/Default (2018.10.22.00):
    - boost-for-react-native
    - DoubleConversion
    - glog
  - glog (0.3.5)
  - openssl-ios-bitcode (1.0.216)
  - RCTRequired (0.61.3)
  - RCTTypeSafety (0.61.3):
    - FBLazyVector (= 0.61.3)
    - Folly (= 2018.10.22.00)
    - RCTRequired (= 0.61.3)
    - React-Core (= 0.61.3)
  - React (0.61.3):
    - React-Core (= 0.61.3)
    - React-Core/DevSupport (= 0.61.3)
    - React-Core/RCTWebSocket (= 0.61.3)
    - React-RCTActionSheet (= 0.61.3)
    - React-RCTAnimation (= 0.61.3)
    - React-RCTBlob (= 0.61.3)
    - React-RCTImage (= 0.61.3)
    - React-RCTLinking (= 0.61.3)
    - React-RCTNetwork (= 0.61.3)
    - React-RCTSettings (= 0.61.3)
    - React-RCTText (= 0.61.3)
    - React-RCTVibration (= 0.61.3)
  - React-Core (0.61.3):
    - Folly (= 2018.10.22.00)
    - glog
    - React-Core/Default (= 0.61.3)
    - React-cxxreact (= 0.61.3)
    - React-jsi (= 0.61.3)
    - React-jsiexecutor (= 0.61.3)
    - Yoga
  - React-Core/CoreModulesHeaders (0.61.3):
    - Folly (= 2018.10.22.00)
    - glog
    - React-Core/Default
    - React-cxxreact (= 0.61.3)
    - React-jsi (= 0.61.3)
    - React-jsiexecutor (= 0.61.3)
    - Yoga
  - React-Core/Default (0.61.3):
    - Folly (= 2018.10.22.00)
    - glog
    - React-cxxreact (= 0.61.3)
    - React-jsi (= 0.61.3)
    - React-jsiexecutor (= 0.61.3)
    - Yoga
  - React-Core/DevSupport (0.61.3):
    - Folly (= 2018.10.22.00)
    - glog
    - React-Core/Default (= 0.61.3)
    - React-Core/RCTWebSocket (= 0.61.3)
    - React-cxxreact (= 0.61.3)
    - React-jsi (= 0.61.3)
    - React-jsiexecutor (= 0.61.3)
    - React-jsinspector (= 0.61.3)
    - Yoga
  - React-Core/RCTActionSheetHeaders (0.61.3):
    - Folly (= 2018.10.22.00)
    - glog
    - React-Core/Default
    - React-cxxreact (= 0.61.3)
    - React-jsi (= 0.61.3)
    - React-jsiexecutor (= 0.61.3)
    - Yoga
  - React-Core/RCTAnimationHeaders (0.61.3):
    - Folly (= 2018.10.22.00)
    - glog
    - React-Core/Default
    - React-cxxreact (= 0.61.3)
    - React-jsi (= 0.61.3)
    - React-jsiexecutor (= 0.61.3)
    - Yoga
  - React-Core/RCTBlobHeaders (0.61.3):
    - Folly (= 2018.10.22.00)
    - glog
    - React-Core/Default
    - React-cxxreact (= 0.61.3)
    - React-jsi (= 0.61.3)
    - React-jsiexecutor (= 0.61.3)
    - Yoga
  - React-Core/RCTImageHeaders (0.61.3):
    - Folly (= 2018.10.22.00)
    - glog
    - React-Core/Default
    - React-cxxreact (= 0.61.3)
    - React-jsi (= 0.61.3)
    - React-jsiexecutor (= 0.61.3)
    - Yoga
  - React-Core/RCTLinkingHeaders (0.61.3):
    - Folly (= 2018.10.22.00)
    - glog
    - React-Core/Default
    - React-cxxreact (= 0.61.3)
    - React-jsi (= 0.61.3)
    - React-jsiexecutor (= 0.61.3)
    - Yoga
  - React-Core/RCTNetworkHeaders (0.61.3):
    - Folly (= 2018.10.22.00)
    - glog
    - React-Core/Default
    - React-cxxreact (= 0.61.3)
    - React-jsi (= 0.61.3)
    - React-jsiexecutor (= 0.61.3)
    - Yoga
  - React-Core/RCTSettingsHeaders (0.61.3):
    - Folly (= 2018.10.22.00)
    - glog
    - React-Core/Default
    - React-cxxreact (= 0.61.3)
    - React-jsi (= 0.61.3)
    - React-jsiexecutor (= 0.61.3)
    - Yoga
  - React-Core/RCTTextHeaders (0.61.3):
    - Folly (= 2018.10.22.00)
    - glog
    - React-Core/Default
    - React-cxxreact (= 0.61.3)
    - React-jsi (= 0.61.3)
    - React-jsiexecutor (= 0.61.3)
    - Yoga
  - React-Core/RCTVibrationHeaders (0.61.3):
    - Folly (= 2018.10.22.00)
    - glog
    - React-Core/Default
    - React-cxxreact (= 0.61.3)
    - React-jsi (= 0.61.3)
    - React-jsiexecutor (= 0.61.3)
    - Yoga
  - React-Core/RCTWebSocket (0.61.3):
    - Folly (= 2018.10.22.00)
    - glog
    - React-Core/Default (= 0.61.3)
    - React-cxxreact (= 0.61.3)
    - React-jsi (= 0.61.3)
    - React-jsiexecutor (= 0.61.3)
    - Yoga
  - React-CoreModules (0.61.3):
    - FBReactNativeSpec (= 0.61.3)
    - Folly (= 2018.10.22.00)
    - RCTTypeSafety (= 0.61.3)
    - React-Core/CoreModulesHeaders (= 0.61.3)
    - React-RCTImage (= 0.61.3)
    - ReactCommon/turbomodule/core (= 0.61.3)
  - React-cxxreact (0.61.3):
    - boost-for-react-native (= 1.63.0)
    - DoubleConversion
    - Folly (= 2018.10.22.00)
    - glog
    - React-jsinspector (= 0.61.3)
  - React-jsi (0.61.3):
    - boost-for-react-native (= 1.63.0)
    - DoubleConversion
    - Folly (= 2018.10.22.00)
    - glog
    - React-jsi/Default (= 0.61.3)
  - React-jsi/Default (0.61.3):
    - boost-for-react-native (= 1.63.0)
    - DoubleConversion
    - Folly (= 2018.10.22.00)
    - glog
  - React-jsiexecutor (0.61.3):
    - DoubleConversion
    - Folly (= 2018.10.22.00)
    - glog
    - React-cxxreact (= 0.61.3)
    - React-jsi (= 0.61.3)
  - React-jsinspector (0.61.3)
  - react-native-view-shot (3.0.2):
    - React
  - React-RCTActionSheet (0.61.3):
    - React-Core/RCTActionSheetHeaders (= 0.61.3)
  - React-RCTAnimation (0.61.3):
    - React-Core/RCTAnimationHeaders (= 0.61.3)
  - React-RCTBlob (0.61.3):
    - React-Core/RCTBlobHeaders (= 0.61.3)
    - React-Core/RCTWebSocket (= 0.61.3)
    - React-jsi (= 0.61.3)
    - React-RCTNetwork (= 0.61.3)
  - React-RCTImage (0.61.3):
    - React-Core/RCTImageHeaders (= 0.61.3)
    - React-RCTNetwork (= 0.61.3)
  - React-RCTLinking (0.61.3):
    - React-Core/RCTLinkingHeaders (= 0.61.3)
  - React-RCTNetwork (0.61.3):
    - React-Core/RCTNetworkHeaders (= 0.61.3)
  - React-RCTSettings (0.61.3):
    - React-Core/RCTSettingsHeaders (= 0.61.3)
  - React-RCTText (0.61.3):
    - React-Core/RCTTextHeaders (= 0.61.3)
  - React-RCTVibration (0.61.3):
    - React-Core/RCTVibrationHeaders (= 0.61.3)
  - ReactCommon/jscallinvoker (0.61.3):
    - DoubleConversion
    - Folly (= 2018.10.22.00)
    - glog
    - React-cxxreact (= 0.61.3)
  - ReactCommon/turbomodule/core (0.61.3):
    - DoubleConversion
    - Folly (= 2018.10.22.00)
    - glog
    - React-Core (= 0.61.3)
    - React-cxxreact (= 0.61.3)
    - React-jsi (= 0.61.3)
    - ReactCommon/jscallinvoker (= 0.61.3)
  - ReactotronFlipper (1.0.0-beta.6):
    - FlipperKit
    - React
  - Yoga (1.14.0)
  - YogaKit (1.14.0):
    - Yoga (~> 1.14)

DEPENDENCIES:
  - DoubleConversion (from `../node_modules/react-native/third-party-podspecs/DoubleConversion.podspec`)
  - FBLazyVector (from `../node_modules/react-native/Libraries/FBLazyVector`)
  - FBReactNativeSpec (from `../node_modules/react-native/Libraries/FBReactNativeSpec`)
  - FlipperKit (~> 0.23.6)
  - FlipperKit/FlipperKitLayoutPlugin (~> 0.23.6)
  - FlipperKit/FlipperKitReactPlugin (~> 0.23.6)
  - FlipperKit/FlipperKitUserDefaultsPlugin (~> 0.23.6)
  - FlipperKit/SKIOSNetworkPlugin (~> 0.23.6)
  - Folly (from `../node_modules/react-native/third-party-podspecs/Folly.podspec`)
  - glog (from `../node_modules/react-native/third-party-podspecs/glog.podspec`)
  - RCTRequired (from `../node_modules/react-native/Libraries/RCTRequired`)
  - RCTTypeSafety (from `../node_modules/react-native/Libraries/TypeSafety`)
  - React (from `../node_modules/react-native/`)
  - React-Core (from `../node_modules/react-native/`)
  - React-Core/DevSupport (from `../node_modules/react-native/`)
  - React-Core/RCTWebSocket (from `../node_modules/react-native/`)
  - React-CoreModules (from `../node_modules/react-native/React/CoreModules`)
  - React-cxxreact (from `../node_modules/react-native/ReactCommon/cxxreact`)
  - React-jsi (from `../node_modules/react-native/ReactCommon/jsi`)
  - React-jsiexecutor (from `../node_modules/react-native/ReactCommon/jsiexecutor`)
  - React-jsinspector (from `../node_modules/react-native/ReactCommon/jsinspector`)
  - react-native-view-shot (from `../node_modules/react-native-view-shot`)
  - React-RCTActionSheet (from `../node_modules/react-native/Libraries/ActionSheetIOS`)
  - React-RCTAnimation (from `../node_modules/react-native/Libraries/NativeAnimation`)
  - React-RCTBlob (from `../node_modules/react-native/Libraries/Blob`)
  - React-RCTImage (from `../node_modules/react-native/Libraries/Image`)
  - React-RCTLinking (from `../node_modules/react-native/Libraries/LinkingIOS`)
  - React-RCTNetwork (from `../node_modules/react-native/Libraries/Network`)
  - React-RCTSettings (from `../node_modules/react-native/Libraries/Settings`)
  - React-RCTText (from `../node_modules/react-native/Libraries/Text`)
  - React-RCTVibration (from `../node_modules/react-native/Libraries/Vibration`)
  - ReactCommon/jscallinvoker (from `../node_modules/react-native/ReactCommon`)
  - ReactCommon/turbomodule/core (from `../node_modules/react-native/ReactCommon`)
  - ReactotronFlipper (from `../node_modules/react-native-reactotron`)
  - Yoga (from `../node_modules/react-native/ReactCommon/yoga`)

SPEC REPOS:
  trunk:
    - boost-for-react-native
    - CocoaAsyncSocket
    - CocoaLibEvent
    - Flipper
    - Flipper-Folly
    - Flipper-PeerTalk
    - Flipper-RSocket
    - FlipperKit
    - openssl-ios-bitcode
    - YogaKit

EXTERNAL SOURCES:
  DoubleConversion:
    :podspec: "../node_modules/react-native/third-party-podspecs/DoubleConversion.podspec"
  FBLazyVector:
    :path: "../node_modules/react-native/Libraries/FBLazyVector"
  FBReactNativeSpec:
    :path: "../node_modules/react-native/Libraries/FBReactNativeSpec"
  Folly:
    :podspec: "../node_modules/react-native/third-party-podspecs/Folly.podspec"
  glog:
    :podspec: "../node_modules/react-native/third-party-podspecs/glog.podspec"
  RCTRequired:
    :path: "../node_modules/react-native/Libraries/RCTRequired"
  RCTTypeSafety:
    :path: "../node_modules/react-native/Libraries/TypeSafety"
  React:
    :path: "../node_modules/react-native/"
  React-Core:
    :path: "../node_modules/react-native/"
  React-CoreModules:
    :path: "../node_modules/react-native/React/CoreModules"
  React-cxxreact:
    :path: "../node_modules/react-native/ReactCommon/cxxreact"
  React-jsi:
    :path: "../node_modules/react-native/ReactCommon/jsi"
  React-jsiexecutor:
    :path: "../node_modules/react-native/ReactCommon/jsiexecutor"
  React-jsinspector:
    :path: "../node_modules/react-native/ReactCommon/jsinspector"
  react-native-view-shot:
    :path: "../node_modules/react-native-view-shot"
  React-RCTActionSheet:
    :path: "../node_modules/react-native/Libraries/ActionSheetIOS"
  React-RCTAnimation:
    :path: "../node_modules/react-native/Libraries/NativeAnimation"
  React-RCTBlob:
    :path: "../node_modules/react-native/Libraries/Blob"
  React-RCTImage:
    :path: "../node_modules/react-native/Libraries/Image"
  React-RCTLinking:
    :path: "../node_modules/react-native/Libraries/LinkingIOS"
  React-RCTNetwork:
    :path: "../node_modules/react-native/Libraries/Network"
  React-RCTSettings:
    :path: "../node_modules/react-native/Libraries/Settings"
  React-RCTText:
    :path: "../node_modules/react-native/Libraries/Text"
  React-RCTVibration:
    :path: "../node_modules/react-native/Libraries/Vibration"
  ReactCommon:
    :path: "../node_modules/react-native/ReactCommon"
  ReactotronFlipper:
    :path: "../node_modules/react-native-reactotron"
  Yoga:
    :path: "../node_modules/react-native/ReactCommon/yoga"

SPEC CHECKSUMS:
  boost-for-react-native: 39c7adb57c4e60d6c5479dd8623128eb5b3f0f2c
  CocoaAsyncSocket: eafaa68a7e0ec99ead0a7b35015e0bf25d2c8987
  CocoaLibEvent: 2fab71b8bd46dd33ddb959f7928ec5909f838e3f
  DoubleConversion: 5805e889d232975c086db112ece9ed034df7a0b2
  FBLazyVector: 5bc5b1606fc9a7ac6956de049f6e30901ed31c49
  FBReactNativeSpec: f7be9bcc5ce259f7c39509f3f4caf59020d11d4c
  Flipper: 2cd6fff54d77f7ef88f0dbdb312130b8e5e71cbc
  Flipper-Folly: 47dd8eaa8bf2245683e67c83121e6d2d8f4807cd
  Flipper-PeerTalk: 116d8f857dc6ef55c7a5a75ea3ceaafe878aadc9
  Flipper-RSocket: 1260a31c05c238eabfa9bb8a64e3983049048371
  FlipperKit: 2613d75327d21d05c4deb933a1006ce0127a8edd
  Folly: 30e7936e1c45c08d884aa59369ed951a8e68cf51
  glog: 1f3da668190260b06b429bb211bfbee5cd790c28
  openssl-ios-bitcode: b46298bcbc3e218fe13e376142af616850a36f7d
  RCTRequired: a72523286ea3381f97b28d87529c265baad3ad7d
  RCTTypeSafety: e3cc0537400222250f0be37bd69f4b339d3c0a0f
  React: 3dc877fc32548b0c7108ca7f301466f4956cbff8
  React-Core: ca94e2e7d22cdcc266a405c4d2ad5e5675145776
  React-CoreModules: aa415458b5d7dacd10ac1b324d679f6e17cd8685
  React-cxxreact: bac5da3d62ee98abd3c1bf7338a7cc6205da7f69
  React-jsi: 8bcf5836caa8a759c135ab9ef97f3e023a7b94af
  React-jsiexecutor: ae078e9df9c65bcdcf68f9a17656657932d95528
  React-jsinspector: a8939cc6909607eb5e8a5ecfff7c6226984e174d
  react-native-view-shot: 5f80b8f4f9003c3da8c0c0013488e5b2db17b1e2
  React-RCTActionSheet: 94671eef55b01a93be735605822ef712d5ea208e
  React-RCTAnimation: 524ae33e73de9c0fe6501a7a4bda8e01d26499d9
  React-RCTBlob: 5481c2db702f57207af7e7a9b32d90524b821b72
  React-RCTImage: b472cc0606f8a7c1ac270d6ccc57123a09439a32
  React-RCTLinking: 9cfc7bfdfda078489736695ac476de1f265b9f82
  React-RCTNetwork: 967547e4eeac92e55d41573a82da7fff4003052a
  React-RCTSettings: 6ab7911172056b5077dacd9240f057eeeb1b121b
  React-RCTText: b8f895b94aa0e7778fef28d13f3d71eed4a10c3d
  React-RCTVibration: 262588c97551b0b1c675468cda857466ba5af18f
  ReactCommon: c2c63d9290b422ca6ad5b3663073a015dd892ae9
  ReactotronFlipper: 3f1085350b85bbbf221acb2517ea7382993ee4af
  Yoga: 02036f6383c0008edb7ef0773a0e6beb6ce82bd1
  YogaKit: 5d1dc899cecd5946e5a758a0c3997704a4b48d01

PODFILE CHECKSUM: 80181f38ba69d022cceb8a4cc565a87d676f266c

COCOAPODS: 1.8.4
